
Microsoft Visual Studio Solution File, Format Version 12.00
# Visual Studio Version 16
VisualStudioVersion = 16.0.29519.87
MinimumVisualStudioVersion = 10.0.40219.1
Project("{FAE04EC0-301F-11D3-BF4B-00C04F79EFBC}") = "CDP4IME-CE", "CDP4IME\CDP4IME-CE.csproj", "{E8A6C54E-80C1-42E3-A2C2-D698B97BE7C2}"
EndProject
Project("{FAE04EC0-301F-11D3-BF4B-00C04F79EFBC}") = "CDP4IME-CE.Tests", "CDP4IME.Tests\CDP4IME-CE.Tests.csproj", "{FD3403C2-8210-46AE-AF2E-0085FAB270E0}"
EndProject
Project("{FAE04EC0-301F-11D3-BF4B-00C04F79EFBC}") = "CDP4ObjectBrowser.Tests", "CDP4ObjectBrowser.Tests\CDP4ObjectBrowser.Tests.csproj", "{DBF03978-7209-4DC0-A694-E96365209E7F}"
EndProject
Project("{FAE04EC0-301F-11D3-BF4B-00C04F79EFBC}") = "CDP4Composition", "CDP4Composition\CDP4Composition.csproj", "{866D3D1A-DEA1-4C0D-A2EC-972CF450D0C4}"
EndProject
Project("{FAE04EC0-301F-11D3-BF4B-00C04F79EFBC}") = "CDP4Composition.Tests", "CDP4Composition.Tests\CDP4Composition.Tests.csproj", "{94FF97F8-EB08-4E8A-87C6-FE52AE97485B}"
EndProject
Project("{FAE04EC0-301F-11D3-BF4B-00C04F79EFBC}") = "CDP4ObjectBrowser", "CDP4ObjectBrowser\CDP4ObjectBrowser.csproj", "{C6B4A2B4-5DD4-45D8-93B4-17DF82641B86}"
EndProject
Project("{FAE04EC0-301F-11D3-BF4B-00C04F79EFBC}") = "BasicRdl", "BasicRdl\BasicRdl.csproj", "{BEDCC5C5-83B2-41ED-AC9F-895757553BF2}"
EndProject
Project("{FAE04EC0-301F-11D3-BF4B-00C04F79EFBC}") = "BasicRdl.Tests", "BasicRdl.Tests\BasicRdl.Tests.csproj", "{49A1DC5D-C500-406C-9245-B08FDE2B1128}"
EndProject
Project("{FAE04EC0-301F-11D3-BF4B-00C04F79EFBC}") = "ProductTree", "ProductTree\ProductTree.csproj", "{2FFF0B74-7E29-41A2-A1FF-5004CE27D22A}"
EndProject
Project("{FAE04EC0-301F-11D3-BF4B-00C04F79EFBC}") = "ProductTree.Tests", "ProductTree.Tests\ProductTree.Tests.csproj", "{BE136E9F-1C3D-4357-8F88-114086D42E2E}"
EndProject
Project("{FAE04EC0-301F-11D3-BF4B-00C04F79EFBC}") = "Requirements", "Requirements\Requirements.csproj", "{CB6F4AD4-4DFA-4F99-A2E8-9B468820266E}"
EndProject
Project("{FAE04EC0-301F-11D3-BF4B-00C04F79EFBC}") = "Requirements.Tests", "Requirements.Tests\Requirements.Tests.csproj", "{2D339668-967E-48B1-B036-FD23411304C2}"
EndProject
Project("{FAE04EC0-301F-11D3-BF4B-00C04F79EFBC}") = "EngineeringModel", "EngineeringModel\EngineeringModel.csproj", "{7B0F3699-960F-4A9C-BC32-6A5B73A5B895}"
EndProject
Project("{FAE04EC0-301F-11D3-BF4B-00C04F79EFBC}") = "EngineeringModel.Tests", "EngineeringModel.Tests\EngineeringModel.Tests.csproj", "{E5AA0FDA-934F-4E1F-96FA-FE7AD773113F}"
EndProject
Project("{FAE04EC0-301F-11D3-BF4B-00C04F79EFBC}") = "CDP4LogInfo", "CDP4LogInfo\CDP4LogInfo.csproj", "{D619E973-C080-4B58-8E69-565BF7218F4B}"
EndProject
Project("{FAE04EC0-301F-11D3-BF4B-00C04F79EFBC}") = "CDP4LogInfo.Tests", "CDP4LogInfo.Tests\CDP4LogInfo.Tests.csproj", "{85DDAA36-A7CC-4578-B398-F3ACA121C4A9}"
EndProject
Project("{FAE04EC0-301F-11D3-BF4B-00C04F79EFBC}") = "CDP4PropertyGrid", "CDP4PropertyGrid\CDP4PropertyGrid.csproj", "{4B9058F7-6ACC-4C1E-B1CD-969B04A9CD9C}"
EndProject
Project("{FAE04EC0-301F-11D3-BF4B-00C04F79EFBC}") = "CDP4PropertyGrid.Tests", "CDP4PropertyGrid.Tests\CDP4PropertyGrid.Tests.csproj", "{8C2C16B3-A5F5-45F0-8FD8-37A8CC9F33D1}"
EndProject
Project("{FAE04EC0-301F-11D3-BF4B-00C04F79EFBC}") = "CDP4SiteDirectory", "CDP4SiteDirectory\CDP4SiteDirectory.csproj", "{C268DF5F-FB28-46AE-AA9B-08E074E6AEF5}"
EndProject
Project("{FAE04EC0-301F-11D3-BF4B-00C04F79EFBC}") = "CDP4SiteDirectory.Tests", "CDP4SiteDirectory.Tests\CDP4SiteDirectory.Tests.csproj", "{88F478B9-4EAE-4A0C-B5C7-CDD8B208E94E}"
EndProject
Project("{FAE04EC0-301F-11D3-BF4B-00C04F79EFBC}") = "CDP4Addin", "CDP4Addin\CDP4Addin.csproj", "{161E536A-DB05-4BFD-BADD-A5B9EF605DA5}"
EndProject
Project("{FAE04EC0-301F-11D3-BF4B-00C04F79EFBC}") = "CDP4ShellDialogs", "CDP4ShellDialogs\CDP4ShellDialogs.csproj", "{1AED77DD-0626-410D-A5ED-8B8F7D8A1AAC}"
EndProject
Project("{FAE04EC0-301F-11D3-BF4B-00C04F79EFBC}") = "CDP4ShellDialogs.Tests", "CDP4ShellDialogsTestFixture\CDP4ShellDialogs.Tests.csproj", "{A5845482-4A42-444D-A212-2282456A17E5}"
EndProject
Project("{FAE04EC0-301F-11D3-BF4B-00C04F79EFBC}") = "CDP4Addin.Tests", "CDP4Addin.Tests\CDP4Addin.Tests.csproj", "{7D544F36-1ECF-4201-B4DB-32318471DF76}"
EndProject
Project("{FAE04EC0-301F-11D3-BF4B-00C04F79EFBC}") = "CDP4CommonView", "CDP4CommonView\CDP4CommonView.csproj", "{5E0E5C30-DF40-4708-ABAE-4DA03EC9B881}"
EndProject
Project("{930C7802-8A8C-48F9-8165-68863BCCD9DD}") = "CDP4IMEInstaller", "CDP4IMEInstaller\CDP4IMEInstaller.wixproj", "{2EE90906-5978-4C5A-A9BE-1D8FEB5ADCE9}"
EndProject
Project("{FAE04EC0-301F-11D3-BF4B-00C04F79EFBC}") = "CDP4ParameterSheetGenerator", "CDP4ParameterSheetGenerator\CDP4ParameterSheetGenerator.csproj", "{05B9FB71-DFFD-40BC-BF35-F05A1F3CF217}"
EndProject
Project("{FAE04EC0-301F-11D3-BF4B-00C04F79EFBC}") = "CDP4ParameterSheetGenerator.Tests", "CDP4ParameterSheetGenerator.Tests\CDP4ParameterSheetGenerator.Tests.csproj", "{8E34E347-D459-46BA-AC45-F3839AEE37C7}"
EndProject
Project("{FAE04EC0-301F-11D3-BF4B-00C04F79EFBC}") = "CDP4OfficeInfrastructure", "CDP4OfficeInfrastructure\CDP4OfficeInfrastructure.csproj", "{3ED4FA5D-EF17-4590-AEB2-E9F99978D510}"
EndProject
Project("{FAE04EC0-301F-11D3-BF4B-00C04F79EFBC}") = "CDP4OfficeInfrastructure.Tests", "CDP4OfficeInfrastructure.Tests\CDP4OfficeInfrastructure.Tests.csproj", "{CEE4825D-8E7C-4669-9A3F-795841F4D79E}"
EndProject
Project("{FAE04EC0-301F-11D3-BF4B-00C04F79EFBC}") = "CDP4RelationshipEditor", "CDP4RelationshipEditor\CDP4RelationshipEditor.csproj", "{E8BEF8CE-68CB-4AB7-93C9-70679B9B4D83}"
EndProject
Project("{FAE04EC0-301F-11D3-BF4B-00C04F79EFBC}") = "CDP4RelationshipEditor.Tests", "CDP4RelationshipEditor.Tests\CDP4RelationshipEditor.Tests.csproj", "{7A5C46F6-C947-4887-8E83-71A2B1D7B1AA}"
EndProject
Project("{FAE04EC0-301F-11D3-BF4B-00C04F79EFBC}") = "CDP4WspDal", "CDP4WspDal\CDP4WspDal.csproj", "{3E0504F1-B0CE-4115-BCFC-7F462B14E5A1}"
EndProject
Project("{FAE04EC0-301F-11D3-BF4B-00C04F79EFBC}") = "CDP4JsonFileDal", "CDP4JsonFileDal\CDP4JsonFileDal.csproj", "{7C432D61-867C-4DD2-8B14-EE8AEFD0B3A4}"
EndProject
Project("{FAE04EC0-301F-11D3-BF4B-00C04F79EFBC}") = "CDP4BuiltInRules", "CDP4BuiltInRules\CDP4BuiltInRules.csproj", "{1CACEEA5-D398-419D-B88B-D4CC4EA67EED}"
EndProject
Project("{FAE04EC0-301F-11D3-BF4B-00C04F79EFBC}") = "CDP4BuiltInRules.Tests", "CDP4BuiltInRules.Tests\CDP4BuiltInRules.Tests.csproj", "{28960B9D-AA66-4DE9-B25A-1535A3792F8F}"
EndProject
Project("{FAE04EC0-301F-11D3-BF4B-00C04F79EFBC}") = "CDP4ServicesDal", "CDP4ServicesDal\CDP4ServicesDal.csproj", "{03C264A0-398B-4C78-83BA-EDEA6BA7F679}"
EndProject
Project("{FAE04EC0-301F-11D3-BF4B-00C04F79EFBC}") = "CDP4CommonView.Tests", "CDP4CommonView.Tests\CDP4CommonView.Tests.csproj", "{8F444B1C-2703-42CD-BA28-72F5EE03A334}"
EndProject
Project("{FAE04EC0-301F-11D3-BF4B-00C04F79EFBC}") = "CDP4Scripting", "CDP4Scripting\CDP4Scripting.csproj", "{DA9183AB-D060-488F-89E9-DEC1F0177B1E}"
EndProject
Project("{FAE04EC0-301F-11D3-BF4B-00C04F79EFBC}") = "CDP4Scripting.Tests", "CDP4Scripting.Tests\CDP4Scripting.Tests.csproj", "{A24951C2-A403-48D8-A7EA-F166FEE20225}"
EndProject
Project("{FAE04EC0-301F-11D3-BF4B-00C04F79EFBC}") = "CDP4SystemsToolKit", "CDP4SystemsToolKit\CDP4SystemsToolKit.csproj", "{7A5D6123-27BC-4526-AA5A-5E9D8F92330D}"
EndProject
Project("{FAE04EC0-301F-11D3-BF4B-00C04F79EFBC}") = "CDP4SystemsToolKit.Tests", "CDP4SystemsToolKit.Tests\CDP4SystemsToolKit.Tests.csproj", "{7C23C812-72EF-4C31-B65F-19B0D92111A4}"
EndProject
Project("{FAE04EC0-301F-11D3-BF4B-00C04F79EFBC}") = "CDP4Budget", "CDP4BudgetViewer\CDP4Budget.csproj", "{7D862014-4CE6-41AC-940C-49D7DE4C485D}"
EndProject
Project("{FAE04EC0-301F-11D3-BF4B-00C04F79EFBC}") = "CDP4Budget.Tests", "CDP4Budget.Tests\CDP4Budget.Tests.csproj", "{4241B0B7-E963-4A84-B2A0-376139D3F4B0}"
EndProject
Project("{FAE04EC0-301F-11D3-BF4B-00C04F79EFBC}") = "CDP4RelationshipMatrix", "RelationshipMatrix\CDP4RelationshipMatrix.csproj", "{A9EF51F8-4F27-4F50-8EE3-33BC2F69DF12}"
EndProject
Project("{FAE04EC0-301F-11D3-BF4B-00C04F79EFBC}") = "CDP4RelationshipMatrix.Tests", "RelationshipMatrix.Tests\CDP4RelationshipMatrix.Tests.csproj", "{C464941A-5965-4D25-8C42-1968BB31383C}"
EndProject
Project("{2150E333-8FDC-42A3-9474-1A3956D46DE8}") = "Solution Items", "Solution Items", "{98A495E0-3540-497F-B219-01267E3B3170}"
	ProjectSection(SolutionItems) = preProject
		CDP4-CE.sln.DotSettings = CDP4-CE.sln.DotSettings
		Nuget.Config = Nuget.Config
	EndProjectSection
EndProject
Project("{FAE04EC0-301F-11D3-BF4B-00C04F79EFBC}") = "CDP4Dashboard", "CDP4Dashboard\CDP4Dashboard.csproj", "{89E91585-C793-4D90-AB8C-FD295590665B}"
EndProject
Project("{FAE04EC0-301F-11D3-BF4B-00C04F79EFBC}") = "CDP4Dashboard.Tests", "CDP4Dashboard.Tests\CDP4Dashboard.Tests.csproj", "{69149D51-A4DE-4F32-B8BF-AC96194F98D8}"
EndProject
Project("{FAE04EC0-301F-11D3-BF4B-00C04F79EFBC}") = "CDP4DiagramEditor", "CDP4DiagramEditor\CDP4DiagramEditor.csproj", "{F541DA64-5C66-45FE-822C-CF93964A3F52}"
EndProject
Project("{FAE04EC0-301F-11D3-BF4B-00C04F79EFBC}") = "CDP4DiagramEditor.Tests", "CDP4DiagramEditor.Tests\CDP4DiagramEditor.Tests.csproj", "{28BED1F3-D9FD-476C-AFF9-6A8AB666D245}"
EndProject
Global
	GlobalSection(SolutionConfigurationPlatforms) = preSolution
		Debug|Any CPU = Debug|Any CPU
		Debug|Mixed Platforms = Debug|Mixed Platforms
		Debug|x64 = Debug|x64
		Debug|x86 = Debug|x86
		Release|Any CPU = Release|Any CPU
		Release|Mixed Platforms = Release|Mixed Platforms
		Release|x64 = Release|x64
		Release|x86 = Release|x86
	EndGlobalSection
	GlobalSection(ProjectConfigurationPlatforms) = postSolution
		{E8A6C54E-80C1-42E3-A2C2-D698B97BE7C2}.Debug|Any CPU.ActiveCfg = Debug|Any CPU
		{E8A6C54E-80C1-42E3-A2C2-D698B97BE7C2}.Debug|Any CPU.Build.0 = Debug|Any CPU
		{E8A6C54E-80C1-42E3-A2C2-D698B97BE7C2}.Debug|Mixed Platforms.ActiveCfg = Debug|Any CPU
		{E8A6C54E-80C1-42E3-A2C2-D698B97BE7C2}.Debug|Mixed Platforms.Build.0 = Debug|Any CPU
		{E8A6C54E-80C1-42E3-A2C2-D698B97BE7C2}.Debug|x64.ActiveCfg = Debug|x64
		{E8A6C54E-80C1-42E3-A2C2-D698B97BE7C2}.Debug|x64.Build.0 = Debug|x64
		{E8A6C54E-80C1-42E3-A2C2-D698B97BE7C2}.Debug|x86.ActiveCfg = Debug|Any CPU
		{E8A6C54E-80C1-42E3-A2C2-D698B97BE7C2}.Debug|x86.Build.0 = Debug|Any CPU
		{E8A6C54E-80C1-42E3-A2C2-D698B97BE7C2}.Release|Any CPU.ActiveCfg = Release|Any CPU
		{E8A6C54E-80C1-42E3-A2C2-D698B97BE7C2}.Release|Any CPU.Build.0 = Release|Any CPU
		{E8A6C54E-80C1-42E3-A2C2-D698B97BE7C2}.Release|Mixed Platforms.ActiveCfg = Release|Any CPU
		{E8A6C54E-80C1-42E3-A2C2-D698B97BE7C2}.Release|Mixed Platforms.Build.0 = Release|Any CPU
		{E8A6C54E-80C1-42E3-A2C2-D698B97BE7C2}.Release|x64.ActiveCfg = Release|x64
		{E8A6C54E-80C1-42E3-A2C2-D698B97BE7C2}.Release|x64.Build.0 = Release|x64
		{E8A6C54E-80C1-42E3-A2C2-D698B97BE7C2}.Release|x86.ActiveCfg = Release|Any CPU
		{FD3403C2-8210-46AE-AF2E-0085FAB270E0}.Debug|Any CPU.ActiveCfg = Debug|Any CPU
		{FD3403C2-8210-46AE-AF2E-0085FAB270E0}.Debug|Any CPU.Build.0 = Debug|Any CPU
		{FD3403C2-8210-46AE-AF2E-0085FAB270E0}.Debug|Mixed Platforms.ActiveCfg = Debug|Any CPU
		{FD3403C2-8210-46AE-AF2E-0085FAB270E0}.Debug|Mixed Platforms.Build.0 = Debug|Any CPU
		{FD3403C2-8210-46AE-AF2E-0085FAB270E0}.Debug|x64.ActiveCfg = Debug|x64
		{FD3403C2-8210-46AE-AF2E-0085FAB270E0}.Debug|x64.Build.0 = Debug|x64
		{FD3403C2-8210-46AE-AF2E-0085FAB270E0}.Debug|x86.ActiveCfg = Debug|Any CPU
		{FD3403C2-8210-46AE-AF2E-0085FAB270E0}.Release|Any CPU.ActiveCfg = Release|Any CPU
		{FD3403C2-8210-46AE-AF2E-0085FAB270E0}.Release|Any CPU.Build.0 = Release|Any CPU
		{FD3403C2-8210-46AE-AF2E-0085FAB270E0}.Release|Mixed Platforms.ActiveCfg = Release|Any CPU
		{FD3403C2-8210-46AE-AF2E-0085FAB270E0}.Release|Mixed Platforms.Build.0 = Release|Any CPU
		{FD3403C2-8210-46AE-AF2E-0085FAB270E0}.Release|x64.ActiveCfg = Release|x64
		{FD3403C2-8210-46AE-AF2E-0085FAB270E0}.Release|x64.Build.0 = Release|x64
		{FD3403C2-8210-46AE-AF2E-0085FAB270E0}.Release|x86.ActiveCfg = Release|Any CPU
		{DBF03978-7209-4DC0-A694-E96365209E7F}.Debug|Any CPU.ActiveCfg = Debug|Any CPU
		{DBF03978-7209-4DC0-A694-E96365209E7F}.Debug|Any CPU.Build.0 = Debug|Any CPU
		{DBF03978-7209-4DC0-A694-E96365209E7F}.Debug|Mixed Platforms.ActiveCfg = Debug|Any CPU
		{DBF03978-7209-4DC0-A694-E96365209E7F}.Debug|Mixed Platforms.Build.0 = Debug|Any CPU
		{DBF03978-7209-4DC0-A694-E96365209E7F}.Debug|x64.ActiveCfg = Debug|x64
		{DBF03978-7209-4DC0-A694-E96365209E7F}.Debug|x64.Build.0 = Debug|x64
		{DBF03978-7209-4DC0-A694-E96365209E7F}.Debug|x86.ActiveCfg = Debug|Any CPU
		{DBF03978-7209-4DC0-A694-E96365209E7F}.Release|Any CPU.ActiveCfg = Release|Any CPU
		{DBF03978-7209-4DC0-A694-E96365209E7F}.Release|Any CPU.Build.0 = Release|Any CPU
		{DBF03978-7209-4DC0-A694-E96365209E7F}.Release|Mixed Platforms.ActiveCfg = Release|Any CPU
		{DBF03978-7209-4DC0-A694-E96365209E7F}.Release|Mixed Platforms.Build.0 = Release|Any CPU
		{DBF03978-7209-4DC0-A694-E96365209E7F}.Release|x64.ActiveCfg = Release|x64
		{DBF03978-7209-4DC0-A694-E96365209E7F}.Release|x64.Build.0 = Release|x64
		{DBF03978-7209-4DC0-A694-E96365209E7F}.Release|x86.ActiveCfg = Release|Any CPU
		{866D3D1A-DEA1-4C0D-A2EC-972CF450D0C4}.Debug|Any CPU.ActiveCfg = Debug|Any CPU
		{866D3D1A-DEA1-4C0D-A2EC-972CF450D0C4}.Debug|Any CPU.Build.0 = Debug|Any CPU
		{866D3D1A-DEA1-4C0D-A2EC-972CF450D0C4}.Debug|Mixed Platforms.ActiveCfg = Debug|Any CPU
		{866D3D1A-DEA1-4C0D-A2EC-972CF450D0C4}.Debug|Mixed Platforms.Build.0 = Debug|Any CPU
		{866D3D1A-DEA1-4C0D-A2EC-972CF450D0C4}.Debug|x64.ActiveCfg = Debug|x64
		{866D3D1A-DEA1-4C0D-A2EC-972CF450D0C4}.Debug|x64.Build.0 = Debug|x64
		{866D3D1A-DEA1-4C0D-A2EC-972CF450D0C4}.Debug|x86.ActiveCfg = Debug|Any CPU
		{866D3D1A-DEA1-4C0D-A2EC-972CF450D0C4}.Debug|x86.Build.0 = Debug|Any CPU
		{866D3D1A-DEA1-4C0D-A2EC-972CF450D0C4}.Release|Any CPU.ActiveCfg = Release|Any CPU
		{866D3D1A-DEA1-4C0D-A2EC-972CF450D0C4}.Release|Any CPU.Build.0 = Release|Any CPU
		{866D3D1A-DEA1-4C0D-A2EC-972CF450D0C4}.Release|Mixed Platforms.ActiveCfg = Release|Any CPU
		{866D3D1A-DEA1-4C0D-A2EC-972CF450D0C4}.Release|Mixed Platforms.Build.0 = Release|Any CPU
		{866D3D1A-DEA1-4C0D-A2EC-972CF450D0C4}.Release|x64.ActiveCfg = Release|x64
		{866D3D1A-DEA1-4C0D-A2EC-972CF450D0C4}.Release|x64.Build.0 = Release|x64
		{866D3D1A-DEA1-4C0D-A2EC-972CF450D0C4}.Release|x86.ActiveCfg = Release|Any CPU
		{94FF97F8-EB08-4E8A-87C6-FE52AE97485B}.Debug|Any CPU.ActiveCfg = Debug|Any CPU
		{94FF97F8-EB08-4E8A-87C6-FE52AE97485B}.Debug|Any CPU.Build.0 = Debug|Any CPU
		{94FF97F8-EB08-4E8A-87C6-FE52AE97485B}.Debug|Mixed Platforms.ActiveCfg = Debug|Any CPU
		{94FF97F8-EB08-4E8A-87C6-FE52AE97485B}.Debug|Mixed Platforms.Build.0 = Debug|Any CPU
		{94FF97F8-EB08-4E8A-87C6-FE52AE97485B}.Debug|x64.ActiveCfg = Debug|x64
		{94FF97F8-EB08-4E8A-87C6-FE52AE97485B}.Debug|x64.Build.0 = Debug|x64
		{94FF97F8-EB08-4E8A-87C6-FE52AE97485B}.Debug|x86.ActiveCfg = Debug|Any CPU
		{94FF97F8-EB08-4E8A-87C6-FE52AE97485B}.Release|Any CPU.ActiveCfg = Release|Any CPU
		{94FF97F8-EB08-4E8A-87C6-FE52AE97485B}.Release|Any CPU.Build.0 = Release|Any CPU
		{94FF97F8-EB08-4E8A-87C6-FE52AE97485B}.Release|Mixed Platforms.ActiveCfg = Release|Any CPU
		{94FF97F8-EB08-4E8A-87C6-FE52AE97485B}.Release|Mixed Platforms.Build.0 = Release|Any CPU
		{94FF97F8-EB08-4E8A-87C6-FE52AE97485B}.Release|x64.ActiveCfg = Release|x64
		{94FF97F8-EB08-4E8A-87C6-FE52AE97485B}.Release|x64.Build.0 = Release|x64
		{94FF97F8-EB08-4E8A-87C6-FE52AE97485B}.Release|x86.ActiveCfg = Release|Any CPU
		{C6B4A2B4-5DD4-45D8-93B4-17DF82641B86}.Debug|Any CPU.ActiveCfg = Debug|Any CPU
		{C6B4A2B4-5DD4-45D8-93B4-17DF82641B86}.Debug|Any CPU.Build.0 = Debug|Any CPU
		{C6B4A2B4-5DD4-45D8-93B4-17DF82641B86}.Debug|Mixed Platforms.ActiveCfg = Debug|Any CPU
		{C6B4A2B4-5DD4-45D8-93B4-17DF82641B86}.Debug|Mixed Platforms.Build.0 = Debug|Any CPU
		{C6B4A2B4-5DD4-45D8-93B4-17DF82641B86}.Debug|x64.ActiveCfg = Debug|x64
		{C6B4A2B4-5DD4-45D8-93B4-17DF82641B86}.Debug|x64.Build.0 = Debug|x64
		{C6B4A2B4-5DD4-45D8-93B4-17DF82641B86}.Debug|x86.ActiveCfg = Debug|Any CPU
		{C6B4A2B4-5DD4-45D8-93B4-17DF82641B86}.Debug|x86.Build.0 = Debug|Any CPU
		{C6B4A2B4-5DD4-45D8-93B4-17DF82641B86}.Release|Any CPU.ActiveCfg = Release|Any CPU
		{C6B4A2B4-5DD4-45D8-93B4-17DF82641B86}.Release|Any CPU.Build.0 = Release|Any CPU
		{C6B4A2B4-5DD4-45D8-93B4-17DF82641B86}.Release|Mixed Platforms.ActiveCfg = Release|Any CPU
		{C6B4A2B4-5DD4-45D8-93B4-17DF82641B86}.Release|Mixed Platforms.Build.0 = Release|Any CPU
		{C6B4A2B4-5DD4-45D8-93B4-17DF82641B86}.Release|x64.ActiveCfg = Release|x64
		{C6B4A2B4-5DD4-45D8-93B4-17DF82641B86}.Release|x64.Build.0 = Release|x64
		{C6B4A2B4-5DD4-45D8-93B4-17DF82641B86}.Release|x86.ActiveCfg = Release|Any CPU
		{BEDCC5C5-83B2-41ED-AC9F-895757553BF2}.Debug|Any CPU.ActiveCfg = Debug|Any CPU
		{BEDCC5C5-83B2-41ED-AC9F-895757553BF2}.Debug|Any CPU.Build.0 = Debug|Any CPU
		{BEDCC5C5-83B2-41ED-AC9F-895757553BF2}.Debug|Mixed Platforms.ActiveCfg = Debug|Any CPU
		{BEDCC5C5-83B2-41ED-AC9F-895757553BF2}.Debug|Mixed Platforms.Build.0 = Debug|Any CPU
		{BEDCC5C5-83B2-41ED-AC9F-895757553BF2}.Debug|x64.ActiveCfg = Debug|x64
		{BEDCC5C5-83B2-41ED-AC9F-895757553BF2}.Debug|x64.Build.0 = Debug|x64
		{BEDCC5C5-83B2-41ED-AC9F-895757553BF2}.Debug|x86.ActiveCfg = Debug|Any CPU
		{BEDCC5C5-83B2-41ED-AC9F-895757553BF2}.Debug|x86.Build.0 = Debug|Any CPU
		{BEDCC5C5-83B2-41ED-AC9F-895757553BF2}.Release|Any CPU.ActiveCfg = Release|Any CPU
		{BEDCC5C5-83B2-41ED-AC9F-895757553BF2}.Release|Any CPU.Build.0 = Release|Any CPU
		{BEDCC5C5-83B2-41ED-AC9F-895757553BF2}.Release|Mixed Platforms.ActiveCfg = Release|Any CPU
		{BEDCC5C5-83B2-41ED-AC9F-895757553BF2}.Release|Mixed Platforms.Build.0 = Release|Any CPU
		{BEDCC5C5-83B2-41ED-AC9F-895757553BF2}.Release|x64.ActiveCfg = Release|x64
		{BEDCC5C5-83B2-41ED-AC9F-895757553BF2}.Release|x64.Build.0 = Release|x64
		{BEDCC5C5-83B2-41ED-AC9F-895757553BF2}.Release|x86.ActiveCfg = Release|Any CPU
		{49A1DC5D-C500-406C-9245-B08FDE2B1128}.Debug|Any CPU.ActiveCfg = Debug|Any CPU
		{49A1DC5D-C500-406C-9245-B08FDE2B1128}.Debug|Any CPU.Build.0 = Debug|Any CPU
		{49A1DC5D-C500-406C-9245-B08FDE2B1128}.Debug|Mixed Platforms.ActiveCfg = Debug|Any CPU
		{49A1DC5D-C500-406C-9245-B08FDE2B1128}.Debug|Mixed Platforms.Build.0 = Debug|Any CPU
		{49A1DC5D-C500-406C-9245-B08FDE2B1128}.Debug|x64.ActiveCfg = Debug|x64
		{49A1DC5D-C500-406C-9245-B08FDE2B1128}.Debug|x64.Build.0 = Debug|x64
		{49A1DC5D-C500-406C-9245-B08FDE2B1128}.Debug|x86.ActiveCfg = Debug|Any CPU
		{49A1DC5D-C500-406C-9245-B08FDE2B1128}.Release|Any CPU.ActiveCfg = Release|Any CPU
		{49A1DC5D-C500-406C-9245-B08FDE2B1128}.Release|Any CPU.Build.0 = Release|Any CPU
		{49A1DC5D-C500-406C-9245-B08FDE2B1128}.Release|Mixed Platforms.ActiveCfg = Release|Any CPU
		{49A1DC5D-C500-406C-9245-B08FDE2B1128}.Release|Mixed Platforms.Build.0 = Release|Any CPU
		{49A1DC5D-C500-406C-9245-B08FDE2B1128}.Release|x64.ActiveCfg = Release|x64
		{49A1DC5D-C500-406C-9245-B08FDE2B1128}.Release|x64.Build.0 = Release|x64
		{49A1DC5D-C500-406C-9245-B08FDE2B1128}.Release|x86.ActiveCfg = Release|Any CPU
		{2FFF0B74-7E29-41A2-A1FF-5004CE27D22A}.Debug|Any CPU.ActiveCfg = Debug|Any CPU
		{2FFF0B74-7E29-41A2-A1FF-5004CE27D22A}.Debug|Any CPU.Build.0 = Debug|Any CPU
		{2FFF0B74-7E29-41A2-A1FF-5004CE27D22A}.Debug|Mixed Platforms.ActiveCfg = Debug|Any CPU
		{2FFF0B74-7E29-41A2-A1FF-5004CE27D22A}.Debug|Mixed Platforms.Build.0 = Debug|Any CPU
		{2FFF0B74-7E29-41A2-A1FF-5004CE27D22A}.Debug|x64.ActiveCfg = Debug|x64
		{2FFF0B74-7E29-41A2-A1FF-5004CE27D22A}.Debug|x64.Build.0 = Debug|x64
		{2FFF0B74-7E29-41A2-A1FF-5004CE27D22A}.Debug|x86.ActiveCfg = Debug|Any CPU
		{2FFF0B74-7E29-41A2-A1FF-5004CE27D22A}.Debug|x86.Build.0 = Debug|Any CPU
		{2FFF0B74-7E29-41A2-A1FF-5004CE27D22A}.Release|Any CPU.ActiveCfg = Release|Any CPU
		{2FFF0B74-7E29-41A2-A1FF-5004CE27D22A}.Release|Any CPU.Build.0 = Release|Any CPU
		{2FFF0B74-7E29-41A2-A1FF-5004CE27D22A}.Release|Mixed Platforms.ActiveCfg = Release|Any CPU
		{2FFF0B74-7E29-41A2-A1FF-5004CE27D22A}.Release|Mixed Platforms.Build.0 = Release|Any CPU
		{2FFF0B74-7E29-41A2-A1FF-5004CE27D22A}.Release|x64.ActiveCfg = Release|x64
		{2FFF0B74-7E29-41A2-A1FF-5004CE27D22A}.Release|x64.Build.0 = Release|x64
		{2FFF0B74-7E29-41A2-A1FF-5004CE27D22A}.Release|x86.ActiveCfg = Release|Any CPU
		{BE136E9F-1C3D-4357-8F88-114086D42E2E}.Debug|Any CPU.ActiveCfg = Debug|Any CPU
		{BE136E9F-1C3D-4357-8F88-114086D42E2E}.Debug|Any CPU.Build.0 = Debug|Any CPU
		{BE136E9F-1C3D-4357-8F88-114086D42E2E}.Debug|Mixed Platforms.ActiveCfg = Debug|Any CPU
		{BE136E9F-1C3D-4357-8F88-114086D42E2E}.Debug|Mixed Platforms.Build.0 = Debug|Any CPU
		{BE136E9F-1C3D-4357-8F88-114086D42E2E}.Debug|x64.ActiveCfg = Debug|x64
		{BE136E9F-1C3D-4357-8F88-114086D42E2E}.Debug|x64.Build.0 = Debug|x64
		{BE136E9F-1C3D-4357-8F88-114086D42E2E}.Debug|x86.ActiveCfg = Debug|Any CPU
		{BE136E9F-1C3D-4357-8F88-114086D42E2E}.Release|Any CPU.ActiveCfg = Release|Any CPU
		{BE136E9F-1C3D-4357-8F88-114086D42E2E}.Release|Any CPU.Build.0 = Release|Any CPU
		{BE136E9F-1C3D-4357-8F88-114086D42E2E}.Release|Mixed Platforms.ActiveCfg = Release|Any CPU
		{BE136E9F-1C3D-4357-8F88-114086D42E2E}.Release|Mixed Platforms.Build.0 = Release|Any CPU
		{BE136E9F-1C3D-4357-8F88-114086D42E2E}.Release|x64.ActiveCfg = Release|x64
		{BE136E9F-1C3D-4357-8F88-114086D42E2E}.Release|x64.Build.0 = Release|x64
		{BE136E9F-1C3D-4357-8F88-114086D42E2E}.Release|x86.ActiveCfg = Release|Any CPU
		{CB6F4AD4-4DFA-4F99-A2E8-9B468820266E}.Debug|Any CPU.ActiveCfg = Debug|Any CPU
		{CB6F4AD4-4DFA-4F99-A2E8-9B468820266E}.Debug|Any CPU.Build.0 = Debug|Any CPU
		{CB6F4AD4-4DFA-4F99-A2E8-9B468820266E}.Debug|Mixed Platforms.ActiveCfg = Debug|Any CPU
		{CB6F4AD4-4DFA-4F99-A2E8-9B468820266E}.Debug|Mixed Platforms.Build.0 = Debug|Any CPU
		{CB6F4AD4-4DFA-4F99-A2E8-9B468820266E}.Debug|x64.ActiveCfg = Debug|x64
		{CB6F4AD4-4DFA-4F99-A2E8-9B468820266E}.Debug|x64.Build.0 = Debug|x64
		{CB6F4AD4-4DFA-4F99-A2E8-9B468820266E}.Debug|x86.ActiveCfg = Debug|Any CPU
		{CB6F4AD4-4DFA-4F99-A2E8-9B468820266E}.Debug|x86.Build.0 = Debug|Any CPU
		{CB6F4AD4-4DFA-4F99-A2E8-9B468820266E}.Release|Any CPU.ActiveCfg = Release|Any CPU
		{CB6F4AD4-4DFA-4F99-A2E8-9B468820266E}.Release|Any CPU.Build.0 = Release|Any CPU
		{CB6F4AD4-4DFA-4F99-A2E8-9B468820266E}.Release|Mixed Platforms.ActiveCfg = Release|Any CPU
		{CB6F4AD4-4DFA-4F99-A2E8-9B468820266E}.Release|Mixed Platforms.Build.0 = Release|Any CPU
		{CB6F4AD4-4DFA-4F99-A2E8-9B468820266E}.Release|x64.ActiveCfg = Release|x64
		{CB6F4AD4-4DFA-4F99-A2E8-9B468820266E}.Release|x64.Build.0 = Release|x64
		{CB6F4AD4-4DFA-4F99-A2E8-9B468820266E}.Release|x86.ActiveCfg = Release|Any CPU
		{2D339668-967E-48B1-B036-FD23411304C2}.Debug|Any CPU.ActiveCfg = Debug|Any CPU
		{2D339668-967E-48B1-B036-FD23411304C2}.Debug|Any CPU.Build.0 = Debug|Any CPU
		{2D339668-967E-48B1-B036-FD23411304C2}.Debug|Mixed Platforms.ActiveCfg = Debug|Any CPU
		{2D339668-967E-48B1-B036-FD23411304C2}.Debug|Mixed Platforms.Build.0 = Debug|Any CPU
		{2D339668-967E-48B1-B036-FD23411304C2}.Debug|x64.ActiveCfg = Debug|x64
		{2D339668-967E-48B1-B036-FD23411304C2}.Debug|x64.Build.0 = Debug|x64
		{2D339668-967E-48B1-B036-FD23411304C2}.Debug|x86.ActiveCfg = Debug|Any CPU
		{2D339668-967E-48B1-B036-FD23411304C2}.Release|Any CPU.ActiveCfg = Release|Any CPU
		{2D339668-967E-48B1-B036-FD23411304C2}.Release|Any CPU.Build.0 = Release|Any CPU
		{2D339668-967E-48B1-B036-FD23411304C2}.Release|Mixed Platforms.ActiveCfg = Release|Any CPU
		{2D339668-967E-48B1-B036-FD23411304C2}.Release|Mixed Platforms.Build.0 = Release|Any CPU
		{2D339668-967E-48B1-B036-FD23411304C2}.Release|x64.ActiveCfg = Release|x64
		{2D339668-967E-48B1-B036-FD23411304C2}.Release|x64.Build.0 = Release|x64
		{2D339668-967E-48B1-B036-FD23411304C2}.Release|x86.ActiveCfg = Release|Any CPU
		{7B0F3699-960F-4A9C-BC32-6A5B73A5B895}.Debug|Any CPU.ActiveCfg = Debug|Any CPU
		{7B0F3699-960F-4A9C-BC32-6A5B73A5B895}.Debug|Any CPU.Build.0 = Debug|Any CPU
		{7B0F3699-960F-4A9C-BC32-6A5B73A5B895}.Debug|Mixed Platforms.ActiveCfg = Debug|Any CPU
		{7B0F3699-960F-4A9C-BC32-6A5B73A5B895}.Debug|Mixed Platforms.Build.0 = Debug|Any CPU
		{7B0F3699-960F-4A9C-BC32-6A5B73A5B895}.Debug|x64.ActiveCfg = Debug|x64
		{7B0F3699-960F-4A9C-BC32-6A5B73A5B895}.Debug|x64.Build.0 = Debug|x64
		{7B0F3699-960F-4A9C-BC32-6A5B73A5B895}.Debug|x86.ActiveCfg = Debug|Any CPU
		{7B0F3699-960F-4A9C-BC32-6A5B73A5B895}.Debug|x86.Build.0 = Debug|Any CPU
		{7B0F3699-960F-4A9C-BC32-6A5B73A5B895}.Release|Any CPU.ActiveCfg = Release|Any CPU
		{7B0F3699-960F-4A9C-BC32-6A5B73A5B895}.Release|Any CPU.Build.0 = Release|Any CPU
		{7B0F3699-960F-4A9C-BC32-6A5B73A5B895}.Release|Mixed Platforms.ActiveCfg = Release|Any CPU
		{7B0F3699-960F-4A9C-BC32-6A5B73A5B895}.Release|Mixed Platforms.Build.0 = Release|Any CPU
		{7B0F3699-960F-4A9C-BC32-6A5B73A5B895}.Release|x64.ActiveCfg = Release|x64
		{7B0F3699-960F-4A9C-BC32-6A5B73A5B895}.Release|x64.Build.0 = Release|x64
		{7B0F3699-960F-4A9C-BC32-6A5B73A5B895}.Release|x86.ActiveCfg = Release|Any CPU
		{E5AA0FDA-934F-4E1F-96FA-FE7AD773113F}.Debug|Any CPU.ActiveCfg = Debug|Any CPU
		{E5AA0FDA-934F-4E1F-96FA-FE7AD773113F}.Debug|Any CPU.Build.0 = Debug|Any CPU
		{E5AA0FDA-934F-4E1F-96FA-FE7AD773113F}.Debug|Mixed Platforms.ActiveCfg = Debug|Any CPU
		{E5AA0FDA-934F-4E1F-96FA-FE7AD773113F}.Debug|Mixed Platforms.Build.0 = Debug|Any CPU
		{E5AA0FDA-934F-4E1F-96FA-FE7AD773113F}.Debug|x64.ActiveCfg = Debug|x64
		{E5AA0FDA-934F-4E1F-96FA-FE7AD773113F}.Debug|x64.Build.0 = Debug|x64
		{E5AA0FDA-934F-4E1F-96FA-FE7AD773113F}.Debug|x86.ActiveCfg = Debug|Any CPU
		{E5AA0FDA-934F-4E1F-96FA-FE7AD773113F}.Release|Any CPU.ActiveCfg = Release|Any CPU
		{E5AA0FDA-934F-4E1F-96FA-FE7AD773113F}.Release|Any CPU.Build.0 = Release|Any CPU
		{E5AA0FDA-934F-4E1F-96FA-FE7AD773113F}.Release|Mixed Platforms.ActiveCfg = Release|Any CPU
		{E5AA0FDA-934F-4E1F-96FA-FE7AD773113F}.Release|Mixed Platforms.Build.0 = Release|Any CPU
		{E5AA0FDA-934F-4E1F-96FA-FE7AD773113F}.Release|x64.ActiveCfg = Release|x64
		{E5AA0FDA-934F-4E1F-96FA-FE7AD773113F}.Release|x64.Build.0 = Release|x64
		{E5AA0FDA-934F-4E1F-96FA-FE7AD773113F}.Release|x86.ActiveCfg = Release|Any CPU
		{D619E973-C080-4B58-8E69-565BF7218F4B}.Debug|Any CPU.ActiveCfg = Debug|Any CPU
		{D619E973-C080-4B58-8E69-565BF7218F4B}.Debug|Any CPU.Build.0 = Debug|Any CPU
		{D619E973-C080-4B58-8E69-565BF7218F4B}.Debug|Mixed Platforms.ActiveCfg = Debug|Any CPU
		{D619E973-C080-4B58-8E69-565BF7218F4B}.Debug|Mixed Platforms.Build.0 = Debug|Any CPU
		{D619E973-C080-4B58-8E69-565BF7218F4B}.Debug|x64.ActiveCfg = Debug|x64
		{D619E973-C080-4B58-8E69-565BF7218F4B}.Debug|x64.Build.0 = Debug|x64
		{D619E973-C080-4B58-8E69-565BF7218F4B}.Debug|x86.ActiveCfg = Debug|Any CPU
		{D619E973-C080-4B58-8E69-565BF7218F4B}.Debug|x86.Build.0 = Debug|Any CPU
		{D619E973-C080-4B58-8E69-565BF7218F4B}.Release|Any CPU.ActiveCfg = Release|Any CPU
		{D619E973-C080-4B58-8E69-565BF7218F4B}.Release|Any CPU.Build.0 = Release|Any CPU
		{D619E973-C080-4B58-8E69-565BF7218F4B}.Release|Mixed Platforms.ActiveCfg = Release|Any CPU
		{D619E973-C080-4B58-8E69-565BF7218F4B}.Release|Mixed Platforms.Build.0 = Release|Any CPU
		{D619E973-C080-4B58-8E69-565BF7218F4B}.Release|x64.ActiveCfg = Release|x64
		{D619E973-C080-4B58-8E69-565BF7218F4B}.Release|x64.Build.0 = Release|x64
		{D619E973-C080-4B58-8E69-565BF7218F4B}.Release|x86.ActiveCfg = Release|Any CPU
		{85DDAA36-A7CC-4578-B398-F3ACA121C4A9}.Debug|Any CPU.ActiveCfg = Debug|Any CPU
		{85DDAA36-A7CC-4578-B398-F3ACA121C4A9}.Debug|Any CPU.Build.0 = Debug|Any CPU
		{85DDAA36-A7CC-4578-B398-F3ACA121C4A9}.Debug|Mixed Platforms.ActiveCfg = Debug|Any CPU
		{85DDAA36-A7CC-4578-B398-F3ACA121C4A9}.Debug|Mixed Platforms.Build.0 = Debug|Any CPU
		{85DDAA36-A7CC-4578-B398-F3ACA121C4A9}.Debug|x64.ActiveCfg = Debug|x64
		{85DDAA36-A7CC-4578-B398-F3ACA121C4A9}.Debug|x64.Build.0 = Debug|x64
		{85DDAA36-A7CC-4578-B398-F3ACA121C4A9}.Debug|x86.ActiveCfg = Debug|Any CPU
		{85DDAA36-A7CC-4578-B398-F3ACA121C4A9}.Release|Any CPU.ActiveCfg = Release|Any CPU
		{85DDAA36-A7CC-4578-B398-F3ACA121C4A9}.Release|Any CPU.Build.0 = Release|Any CPU
		{85DDAA36-A7CC-4578-B398-F3ACA121C4A9}.Release|Mixed Platforms.ActiveCfg = Release|Any CPU
		{85DDAA36-A7CC-4578-B398-F3ACA121C4A9}.Release|Mixed Platforms.Build.0 = Release|Any CPU
		{85DDAA36-A7CC-4578-B398-F3ACA121C4A9}.Release|x64.ActiveCfg = Release|x64
		{85DDAA36-A7CC-4578-B398-F3ACA121C4A9}.Release|x64.Build.0 = Release|x64
		{85DDAA36-A7CC-4578-B398-F3ACA121C4A9}.Release|x86.ActiveCfg = Release|Any CPU
		{4B9058F7-6ACC-4C1E-B1CD-969B04A9CD9C}.Debug|Any CPU.ActiveCfg = Debug|Any CPU
		{4B9058F7-6ACC-4C1E-B1CD-969B04A9CD9C}.Debug|Any CPU.Build.0 = Debug|Any CPU
		{4B9058F7-6ACC-4C1E-B1CD-969B04A9CD9C}.Debug|Mixed Platforms.ActiveCfg = Debug|Any CPU
		{4B9058F7-6ACC-4C1E-B1CD-969B04A9CD9C}.Debug|Mixed Platforms.Build.0 = Debug|Any CPU
		{4B9058F7-6ACC-4C1E-B1CD-969B04A9CD9C}.Debug|x64.ActiveCfg = Debug|x64
		{4B9058F7-6ACC-4C1E-B1CD-969B04A9CD9C}.Debug|x64.Build.0 = Debug|x64
		{4B9058F7-6ACC-4C1E-B1CD-969B04A9CD9C}.Debug|x86.ActiveCfg = Debug|Any CPU
		{4B9058F7-6ACC-4C1E-B1CD-969B04A9CD9C}.Debug|x86.Build.0 = Debug|Any CPU
		{4B9058F7-6ACC-4C1E-B1CD-969B04A9CD9C}.Release|Any CPU.ActiveCfg = Release|Any CPU
		{4B9058F7-6ACC-4C1E-B1CD-969B04A9CD9C}.Release|Any CPU.Build.0 = Release|Any CPU
		{4B9058F7-6ACC-4C1E-B1CD-969B04A9CD9C}.Release|Mixed Platforms.ActiveCfg = Release|Any CPU
		{4B9058F7-6ACC-4C1E-B1CD-969B04A9CD9C}.Release|Mixed Platforms.Build.0 = Release|Any CPU
		{4B9058F7-6ACC-4C1E-B1CD-969B04A9CD9C}.Release|x64.ActiveCfg = Release|x64
		{4B9058F7-6ACC-4C1E-B1CD-969B04A9CD9C}.Release|x64.Build.0 = Release|x64
		{4B9058F7-6ACC-4C1E-B1CD-969B04A9CD9C}.Release|x86.ActiveCfg = Release|Any CPU
		{8C2C16B3-A5F5-45F0-8FD8-37A8CC9F33D1}.Debug|Any CPU.ActiveCfg = Debug|Any CPU
		{8C2C16B3-A5F5-45F0-8FD8-37A8CC9F33D1}.Debug|Any CPU.Build.0 = Debug|Any CPU
		{8C2C16B3-A5F5-45F0-8FD8-37A8CC9F33D1}.Debug|Mixed Platforms.ActiveCfg = Debug|Any CPU
		{8C2C16B3-A5F5-45F0-8FD8-37A8CC9F33D1}.Debug|Mixed Platforms.Build.0 = Debug|Any CPU
		{8C2C16B3-A5F5-45F0-8FD8-37A8CC9F33D1}.Debug|x64.ActiveCfg = Debug|x64
		{8C2C16B3-A5F5-45F0-8FD8-37A8CC9F33D1}.Debug|x64.Build.0 = Debug|x64
		{8C2C16B3-A5F5-45F0-8FD8-37A8CC9F33D1}.Debug|x86.ActiveCfg = Debug|Any CPU
		{8C2C16B3-A5F5-45F0-8FD8-37A8CC9F33D1}.Release|Any CPU.ActiveCfg = Release|Any CPU
		{8C2C16B3-A5F5-45F0-8FD8-37A8CC9F33D1}.Release|Any CPU.Build.0 = Release|Any CPU
		{8C2C16B3-A5F5-45F0-8FD8-37A8CC9F33D1}.Release|Mixed Platforms.ActiveCfg = Release|Any CPU
		{8C2C16B3-A5F5-45F0-8FD8-37A8CC9F33D1}.Release|Mixed Platforms.Build.0 = Release|Any CPU
		{8C2C16B3-A5F5-45F0-8FD8-37A8CC9F33D1}.Release|x64.ActiveCfg = Release|x64
		{8C2C16B3-A5F5-45F0-8FD8-37A8CC9F33D1}.Release|x64.Build.0 = Release|x64
		{8C2C16B3-A5F5-45F0-8FD8-37A8CC9F33D1}.Release|x86.ActiveCfg = Release|Any CPU
		{C268DF5F-FB28-46AE-AA9B-08E074E6AEF5}.Debug|Any CPU.ActiveCfg = Debug|Any CPU
		{C268DF5F-FB28-46AE-AA9B-08E074E6AEF5}.Debug|Any CPU.Build.0 = Debug|Any CPU
		{C268DF5F-FB28-46AE-AA9B-08E074E6AEF5}.Debug|Mixed Platforms.ActiveCfg = Debug|Any CPU
		{C268DF5F-FB28-46AE-AA9B-08E074E6AEF5}.Debug|Mixed Platforms.Build.0 = Debug|Any CPU
		{C268DF5F-FB28-46AE-AA9B-08E074E6AEF5}.Debug|x64.ActiveCfg = Debug|x64
		{C268DF5F-FB28-46AE-AA9B-08E074E6AEF5}.Debug|x64.Build.0 = Debug|x64
		{C268DF5F-FB28-46AE-AA9B-08E074E6AEF5}.Debug|x86.ActiveCfg = Debug|Any CPU
		{C268DF5F-FB28-46AE-AA9B-08E074E6AEF5}.Debug|x86.Build.0 = Debug|Any CPU
		{C268DF5F-FB28-46AE-AA9B-08E074E6AEF5}.Release|Any CPU.ActiveCfg = Release|Any CPU
		{C268DF5F-FB28-46AE-AA9B-08E074E6AEF5}.Release|Any CPU.Build.0 = Release|Any CPU
		{C268DF5F-FB28-46AE-AA9B-08E074E6AEF5}.Release|Mixed Platforms.ActiveCfg = Release|Any CPU
		{C268DF5F-FB28-46AE-AA9B-08E074E6AEF5}.Release|Mixed Platforms.Build.0 = Release|Any CPU
		{C268DF5F-FB28-46AE-AA9B-08E074E6AEF5}.Release|x64.ActiveCfg = Release|x64
		{C268DF5F-FB28-46AE-AA9B-08E074E6AEF5}.Release|x64.Build.0 = Release|x64
		{C268DF5F-FB28-46AE-AA9B-08E074E6AEF5}.Release|x86.ActiveCfg = Release|Any CPU
		{88F478B9-4EAE-4A0C-B5C7-CDD8B208E94E}.Debug|Any CPU.ActiveCfg = Debug|Any CPU
		{88F478B9-4EAE-4A0C-B5C7-CDD8B208E94E}.Debug|Any CPU.Build.0 = Debug|Any CPU
		{88F478B9-4EAE-4A0C-B5C7-CDD8B208E94E}.Debug|Mixed Platforms.ActiveCfg = Debug|Any CPU
		{88F478B9-4EAE-4A0C-B5C7-CDD8B208E94E}.Debug|Mixed Platforms.Build.0 = Debug|Any CPU
		{88F478B9-4EAE-4A0C-B5C7-CDD8B208E94E}.Debug|x64.ActiveCfg = Debug|x64
		{88F478B9-4EAE-4A0C-B5C7-CDD8B208E94E}.Debug|x64.Build.0 = Debug|x64
		{88F478B9-4EAE-4A0C-B5C7-CDD8B208E94E}.Debug|x86.ActiveCfg = Debug|Any CPU
		{88F478B9-4EAE-4A0C-B5C7-CDD8B208E94E}.Release|Any CPU.ActiveCfg = Release|Any CPU
		{88F478B9-4EAE-4A0C-B5C7-CDD8B208E94E}.Release|Any CPU.Build.0 = Release|Any CPU
		{88F478B9-4EAE-4A0C-B5C7-CDD8B208E94E}.Release|Mixed Platforms.ActiveCfg = Release|Any CPU
		{88F478B9-4EAE-4A0C-B5C7-CDD8B208E94E}.Release|Mixed Platforms.Build.0 = Release|Any CPU
		{88F478B9-4EAE-4A0C-B5C7-CDD8B208E94E}.Release|x64.ActiveCfg = Release|x64
		{88F478B9-4EAE-4A0C-B5C7-CDD8B208E94E}.Release|x64.Build.0 = Release|x64
		{88F478B9-4EAE-4A0C-B5C7-CDD8B208E94E}.Release|x86.ActiveCfg = Release|Any CPU
		{161E536A-DB05-4BFD-BADD-A5B9EF605DA5}.Debug|Any CPU.ActiveCfg = Debug|Any CPU
		{161E536A-DB05-4BFD-BADD-A5B9EF605DA5}.Debug|Any CPU.Build.0 = Debug|Any CPU
		{161E536A-DB05-4BFD-BADD-A5B9EF605DA5}.Debug|Mixed Platforms.ActiveCfg = Debug|Any CPU
		{161E536A-DB05-4BFD-BADD-A5B9EF605DA5}.Debug|Mixed Platforms.Build.0 = Debug|Any CPU
		{161E536A-DB05-4BFD-BADD-A5B9EF605DA5}.Debug|x64.ActiveCfg = Debug|x64
		{161E536A-DB05-4BFD-BADD-A5B9EF605DA5}.Debug|x64.Build.0 = Debug|x64
		{161E536A-DB05-4BFD-BADD-A5B9EF605DA5}.Debug|x86.ActiveCfg = Debug|Any CPU
		{161E536A-DB05-4BFD-BADD-A5B9EF605DA5}.Debug|x86.Build.0 = Debug|Any CPU
		{161E536A-DB05-4BFD-BADD-A5B9EF605DA5}.Release|Any CPU.ActiveCfg = Release|Any CPU
		{161E536A-DB05-4BFD-BADD-A5B9EF605DA5}.Release|Any CPU.Build.0 = Release|Any CPU
		{161E536A-DB05-4BFD-BADD-A5B9EF605DA5}.Release|Mixed Platforms.ActiveCfg = Release|Any CPU
		{161E536A-DB05-4BFD-BADD-A5B9EF605DA5}.Release|Mixed Platforms.Build.0 = Release|Any CPU
		{161E536A-DB05-4BFD-BADD-A5B9EF605DA5}.Release|x64.ActiveCfg = Release|x64
		{161E536A-DB05-4BFD-BADD-A5B9EF605DA5}.Release|x64.Build.0 = Release|x64
		{161E536A-DB05-4BFD-BADD-A5B9EF605DA5}.Release|x86.ActiveCfg = Release|Any CPU
		{1AED77DD-0626-410D-A5ED-8B8F7D8A1AAC}.Debug|Any CPU.ActiveCfg = Debug|Any CPU
		{1AED77DD-0626-410D-A5ED-8B8F7D8A1AAC}.Debug|Any CPU.Build.0 = Debug|Any CPU
		{1AED77DD-0626-410D-A5ED-8B8F7D8A1AAC}.Debug|Mixed Platforms.ActiveCfg = Debug|Any CPU
		{1AED77DD-0626-410D-A5ED-8B8F7D8A1AAC}.Debug|Mixed Platforms.Build.0 = Debug|Any CPU
		{1AED77DD-0626-410D-A5ED-8B8F7D8A1AAC}.Debug|x64.ActiveCfg = Debug|x64
		{1AED77DD-0626-410D-A5ED-8B8F7D8A1AAC}.Debug|x64.Build.0 = Debug|x64
		{1AED77DD-0626-410D-A5ED-8B8F7D8A1AAC}.Debug|x86.ActiveCfg = Debug|Any CPU
		{1AED77DD-0626-410D-A5ED-8B8F7D8A1AAC}.Debug|x86.Build.0 = Debug|Any CPU
		{1AED77DD-0626-410D-A5ED-8B8F7D8A1AAC}.Release|Any CPU.ActiveCfg = Release|Any CPU
		{1AED77DD-0626-410D-A5ED-8B8F7D8A1AAC}.Release|Any CPU.Build.0 = Release|Any CPU
		{1AED77DD-0626-410D-A5ED-8B8F7D8A1AAC}.Release|Mixed Platforms.ActiveCfg = Release|Any CPU
		{1AED77DD-0626-410D-A5ED-8B8F7D8A1AAC}.Release|Mixed Platforms.Build.0 = Release|Any CPU
		{1AED77DD-0626-410D-A5ED-8B8F7D8A1AAC}.Release|x64.ActiveCfg = Release|x64
		{1AED77DD-0626-410D-A5ED-8B8F7D8A1AAC}.Release|x64.Build.0 = Release|x64
		{1AED77DD-0626-410D-A5ED-8B8F7D8A1AAC}.Release|x86.ActiveCfg = Release|Any CPU
		{A5845482-4A42-444D-A212-2282456A17E5}.Debug|Any CPU.ActiveCfg = Debug|Any CPU
		{A5845482-4A42-444D-A212-2282456A17E5}.Debug|Any CPU.Build.0 = Debug|Any CPU
		{A5845482-4A42-444D-A212-2282456A17E5}.Debug|Mixed Platforms.ActiveCfg = Debug|Any CPU
		{A5845482-4A42-444D-A212-2282456A17E5}.Debug|Mixed Platforms.Build.0 = Debug|Any CPU
		{A5845482-4A42-444D-A212-2282456A17E5}.Debug|x64.ActiveCfg = Debug|x64
		{A5845482-4A42-444D-A212-2282456A17E5}.Debug|x64.Build.0 = Debug|x64
		{A5845482-4A42-444D-A212-2282456A17E5}.Debug|x86.ActiveCfg = Debug|Any CPU
		{A5845482-4A42-444D-A212-2282456A17E5}.Release|Any CPU.ActiveCfg = Release|Any CPU
		{A5845482-4A42-444D-A212-2282456A17E5}.Release|Any CPU.Build.0 = Release|Any CPU
		{A5845482-4A42-444D-A212-2282456A17E5}.Release|Mixed Platforms.ActiveCfg = Release|Any CPU
		{A5845482-4A42-444D-A212-2282456A17E5}.Release|Mixed Platforms.Build.0 = Release|Any CPU
		{A5845482-4A42-444D-A212-2282456A17E5}.Release|x64.ActiveCfg = Release|x64
		{A5845482-4A42-444D-A212-2282456A17E5}.Release|x64.Build.0 = Release|x64
		{A5845482-4A42-444D-A212-2282456A17E5}.Release|x86.ActiveCfg = Release|Any CPU
		{7D544F36-1ECF-4201-B4DB-32318471DF76}.Debug|Any CPU.ActiveCfg = Debug|Any CPU
		{7D544F36-1ECF-4201-B4DB-32318471DF76}.Debug|Any CPU.Build.0 = Debug|Any CPU
		{7D544F36-1ECF-4201-B4DB-32318471DF76}.Debug|Mixed Platforms.ActiveCfg = Debug|Any CPU
		{7D544F36-1ECF-4201-B4DB-32318471DF76}.Debug|Mixed Platforms.Build.0 = Debug|Any CPU
		{7D544F36-1ECF-4201-B4DB-32318471DF76}.Debug|x64.ActiveCfg = Debug|x64
		{7D544F36-1ECF-4201-B4DB-32318471DF76}.Debug|x64.Build.0 = Debug|x64
		{7D544F36-1ECF-4201-B4DB-32318471DF76}.Debug|x86.ActiveCfg = Debug|Any CPU
		{7D544F36-1ECF-4201-B4DB-32318471DF76}.Release|Any CPU.ActiveCfg = Release|Any CPU
		{7D544F36-1ECF-4201-B4DB-32318471DF76}.Release|Any CPU.Build.0 = Release|Any CPU
		{7D544F36-1ECF-4201-B4DB-32318471DF76}.Release|Mixed Platforms.ActiveCfg = Release|Any CPU
		{7D544F36-1ECF-4201-B4DB-32318471DF76}.Release|Mixed Platforms.Build.0 = Release|Any CPU
		{7D544F36-1ECF-4201-B4DB-32318471DF76}.Release|x64.ActiveCfg = Release|x64
		{7D544F36-1ECF-4201-B4DB-32318471DF76}.Release|x64.Build.0 = Release|x64
		{7D544F36-1ECF-4201-B4DB-32318471DF76}.Release|x86.ActiveCfg = Release|Any CPU
		{5E0E5C30-DF40-4708-ABAE-4DA03EC9B881}.Debug|Any CPU.ActiveCfg = Debug|Any CPU
		{5E0E5C30-DF40-4708-ABAE-4DA03EC9B881}.Debug|Any CPU.Build.0 = Debug|Any CPU
		{5E0E5C30-DF40-4708-ABAE-4DA03EC9B881}.Debug|Mixed Platforms.ActiveCfg = Debug|Any CPU
		{5E0E5C30-DF40-4708-ABAE-4DA03EC9B881}.Debug|Mixed Platforms.Build.0 = Debug|Any CPU
		{5E0E5C30-DF40-4708-ABAE-4DA03EC9B881}.Debug|x64.ActiveCfg = Debug|x64
		{5E0E5C30-DF40-4708-ABAE-4DA03EC9B881}.Debug|x64.Build.0 = Debug|x64
		{5E0E5C30-DF40-4708-ABAE-4DA03EC9B881}.Debug|x86.ActiveCfg = Debug|Any CPU
		{5E0E5C30-DF40-4708-ABAE-4DA03EC9B881}.Debug|x86.Build.0 = Debug|Any CPU
		{5E0E5C30-DF40-4708-ABAE-4DA03EC9B881}.Release|Any CPU.ActiveCfg = Release|Any CPU
		{5E0E5C30-DF40-4708-ABAE-4DA03EC9B881}.Release|Any CPU.Build.0 = Release|Any CPU
		{5E0E5C30-DF40-4708-ABAE-4DA03EC9B881}.Release|Mixed Platforms.ActiveCfg = Release|Any CPU
		{5E0E5C30-DF40-4708-ABAE-4DA03EC9B881}.Release|Mixed Platforms.Build.0 = Release|Any CPU
		{5E0E5C30-DF40-4708-ABAE-4DA03EC9B881}.Release|x64.ActiveCfg = Release|x64
		{5E0E5C30-DF40-4708-ABAE-4DA03EC9B881}.Release|x64.Build.0 = Release|x64
		{5E0E5C30-DF40-4708-ABAE-4DA03EC9B881}.Release|x86.ActiveCfg = Release|Any CPU
		{2EE90906-5978-4C5A-A9BE-1D8FEB5ADCE9}.Debug|Any CPU.ActiveCfg = Debug|x86
		{2EE90906-5978-4C5A-A9BE-1D8FEB5ADCE9}.Debug|Any CPU.Build.0 = Debug|x86
		{2EE90906-5978-4C5A-A9BE-1D8FEB5ADCE9}.Debug|Mixed Platforms.ActiveCfg = Debug|x86
		{2EE90906-5978-4C5A-A9BE-1D8FEB5ADCE9}.Debug|Mixed Platforms.Build.0 = Debug|x86
		{2EE90906-5978-4C5A-A9BE-1D8FEB5ADCE9}.Debug|x64.ActiveCfg = Debug|x86
		{2EE90906-5978-4C5A-A9BE-1D8FEB5ADCE9}.Debug|x64.Build.0 = Debug|x86
		{2EE90906-5978-4C5A-A9BE-1D8FEB5ADCE9}.Debug|x86.ActiveCfg = Debug|x86
		{2EE90906-5978-4C5A-A9BE-1D8FEB5ADCE9}.Release|Any CPU.ActiveCfg = Release|x86
		{2EE90906-5978-4C5A-A9BE-1D8FEB5ADCE9}.Release|Any CPU.Build.0 = Release|x86
		{2EE90906-5978-4C5A-A9BE-1D8FEB5ADCE9}.Release|Mixed Platforms.ActiveCfg = Release|x86
		{2EE90906-5978-4C5A-A9BE-1D8FEB5ADCE9}.Release|Mixed Platforms.Build.0 = Release|x86
		{2EE90906-5978-4C5A-A9BE-1D8FEB5ADCE9}.Release|x64.ActiveCfg = Release|x86
		{2EE90906-5978-4C5A-A9BE-1D8FEB5ADCE9}.Release|x86.ActiveCfg = Release|x86
		{2EE90906-5978-4C5A-A9BE-1D8FEB5ADCE9}.Release|x86.Build.0 = Release|x86
		{05B9FB71-DFFD-40BC-BF35-F05A1F3CF217}.Debug|Any CPU.ActiveCfg = Debug|Any CPU
		{05B9FB71-DFFD-40BC-BF35-F05A1F3CF217}.Debug|Any CPU.Build.0 = Debug|Any CPU
		{05B9FB71-DFFD-40BC-BF35-F05A1F3CF217}.Debug|Mixed Platforms.ActiveCfg = Debug|Any CPU
		{05B9FB71-DFFD-40BC-BF35-F05A1F3CF217}.Debug|Mixed Platforms.Build.0 = Debug|Any CPU
		{05B9FB71-DFFD-40BC-BF35-F05A1F3CF217}.Debug|x64.ActiveCfg = Debug|x64
		{05B9FB71-DFFD-40BC-BF35-F05A1F3CF217}.Debug|x64.Build.0 = Debug|x64
		{05B9FB71-DFFD-40BC-BF35-F05A1F3CF217}.Debug|x86.ActiveCfg = Debug|Any CPU
		{05B9FB71-DFFD-40BC-BF35-F05A1F3CF217}.Debug|x86.Build.0 = Debug|Any CPU
		{05B9FB71-DFFD-40BC-BF35-F05A1F3CF217}.Release|Any CPU.ActiveCfg = Release|Any CPU
		{05B9FB71-DFFD-40BC-BF35-F05A1F3CF217}.Release|Any CPU.Build.0 = Release|Any CPU
		{05B9FB71-DFFD-40BC-BF35-F05A1F3CF217}.Release|Mixed Platforms.ActiveCfg = Release|Any CPU
		{05B9FB71-DFFD-40BC-BF35-F05A1F3CF217}.Release|Mixed Platforms.Build.0 = Release|Any CPU
		{05B9FB71-DFFD-40BC-BF35-F05A1F3CF217}.Release|x64.ActiveCfg = Release|x64
		{05B9FB71-DFFD-40BC-BF35-F05A1F3CF217}.Release|x64.Build.0 = Release|x64
		{05B9FB71-DFFD-40BC-BF35-F05A1F3CF217}.Release|x86.ActiveCfg = Release|Any CPU
		{8E34E347-D459-46BA-AC45-F3839AEE37C7}.Debug|Any CPU.ActiveCfg = Debug|Any CPU
		{8E34E347-D459-46BA-AC45-F3839AEE37C7}.Debug|Any CPU.Build.0 = Debug|Any CPU
		{8E34E347-D459-46BA-AC45-F3839AEE37C7}.Debug|Mixed Platforms.ActiveCfg = Debug|Any CPU
		{8E34E347-D459-46BA-AC45-F3839AEE37C7}.Debug|Mixed Platforms.Build.0 = Debug|Any CPU
		{8E34E347-D459-46BA-AC45-F3839AEE37C7}.Debug|x64.ActiveCfg = Debug|x64
		{8E34E347-D459-46BA-AC45-F3839AEE37C7}.Debug|x64.Build.0 = Debug|x64
		{8E34E347-D459-46BA-AC45-F3839AEE37C7}.Debug|x86.ActiveCfg = Debug|Any CPU
		{8E34E347-D459-46BA-AC45-F3839AEE37C7}.Release|Any CPU.ActiveCfg = Release|Any CPU
		{8E34E347-D459-46BA-AC45-F3839AEE37C7}.Release|Any CPU.Build.0 = Release|Any CPU
		{8E34E347-D459-46BA-AC45-F3839AEE37C7}.Release|Mixed Platforms.ActiveCfg = Release|Any CPU
		{8E34E347-D459-46BA-AC45-F3839AEE37C7}.Release|Mixed Platforms.Build.0 = Release|Any CPU
		{8E34E347-D459-46BA-AC45-F3839AEE37C7}.Release|x64.ActiveCfg = Release|x64
		{8E34E347-D459-46BA-AC45-F3839AEE37C7}.Release|x64.Build.0 = Release|x64
		{8E34E347-D459-46BA-AC45-F3839AEE37C7}.Release|x86.ActiveCfg = Release|Any CPU
		{3ED4FA5D-EF17-4590-AEB2-E9F99978D510}.Debug|Any CPU.ActiveCfg = Debug|Any CPU
		{3ED4FA5D-EF17-4590-AEB2-E9F99978D510}.Debug|Any CPU.Build.0 = Debug|Any CPU
		{3ED4FA5D-EF17-4590-AEB2-E9F99978D510}.Debug|Mixed Platforms.ActiveCfg = Debug|Any CPU
		{3ED4FA5D-EF17-4590-AEB2-E9F99978D510}.Debug|Mixed Platforms.Build.0 = Debug|Any CPU
		{3ED4FA5D-EF17-4590-AEB2-E9F99978D510}.Debug|x64.ActiveCfg = Debug|x64
		{3ED4FA5D-EF17-4590-AEB2-E9F99978D510}.Debug|x64.Build.0 = Debug|x64
		{3ED4FA5D-EF17-4590-AEB2-E9F99978D510}.Debug|x86.ActiveCfg = Debug|Any CPU
		{3ED4FA5D-EF17-4590-AEB2-E9F99978D510}.Debug|x86.Build.0 = Debug|Any CPU
		{3ED4FA5D-EF17-4590-AEB2-E9F99978D510}.Release|Any CPU.ActiveCfg = Release|Any CPU
		{3ED4FA5D-EF17-4590-AEB2-E9F99978D510}.Release|Any CPU.Build.0 = Release|Any CPU
		{3ED4FA5D-EF17-4590-AEB2-E9F99978D510}.Release|Mixed Platforms.ActiveCfg = Release|Any CPU
		{3ED4FA5D-EF17-4590-AEB2-E9F99978D510}.Release|Mixed Platforms.Build.0 = Release|Any CPU
		{3ED4FA5D-EF17-4590-AEB2-E9F99978D510}.Release|x64.ActiveCfg = Release|x64
		{3ED4FA5D-EF17-4590-AEB2-E9F99978D510}.Release|x64.Build.0 = Release|x64
		{3ED4FA5D-EF17-4590-AEB2-E9F99978D510}.Release|x86.ActiveCfg = Release|Any CPU
		{CEE4825D-8E7C-4669-9A3F-795841F4D79E}.Debug|Any CPU.ActiveCfg = Debug|Any CPU
		{CEE4825D-8E7C-4669-9A3F-795841F4D79E}.Debug|Any CPU.Build.0 = Debug|Any CPU
		{CEE4825D-8E7C-4669-9A3F-795841F4D79E}.Debug|Mixed Platforms.ActiveCfg = Debug|Any CPU
		{CEE4825D-8E7C-4669-9A3F-795841F4D79E}.Debug|Mixed Platforms.Build.0 = Debug|Any CPU
		{CEE4825D-8E7C-4669-9A3F-795841F4D79E}.Debug|x64.ActiveCfg = Debug|x64
		{CEE4825D-8E7C-4669-9A3F-795841F4D79E}.Debug|x64.Build.0 = Debug|x64
		{CEE4825D-8E7C-4669-9A3F-795841F4D79E}.Debug|x86.ActiveCfg = Debug|Any CPU
		{CEE4825D-8E7C-4669-9A3F-795841F4D79E}.Release|Any CPU.ActiveCfg = Release|Any CPU
		{CEE4825D-8E7C-4669-9A3F-795841F4D79E}.Release|Any CPU.Build.0 = Release|Any CPU
		{CEE4825D-8E7C-4669-9A3F-795841F4D79E}.Release|Mixed Platforms.ActiveCfg = Release|Any CPU
		{CEE4825D-8E7C-4669-9A3F-795841F4D79E}.Release|Mixed Platforms.Build.0 = Release|Any CPU
		{CEE4825D-8E7C-4669-9A3F-795841F4D79E}.Release|x64.ActiveCfg = Release|x64
		{CEE4825D-8E7C-4669-9A3F-795841F4D79E}.Release|x64.Build.0 = Release|x64
		{CEE4825D-8E7C-4669-9A3F-795841F4D79E}.Release|x86.ActiveCfg = Release|Any CPU
		{E8BEF8CE-68CB-4AB7-93C9-70679B9B4D83}.Debug|Any CPU.ActiveCfg = Debug|Any CPU
		{E8BEF8CE-68CB-4AB7-93C9-70679B9B4D83}.Debug|Any CPU.Build.0 = Debug|Any CPU
		{E8BEF8CE-68CB-4AB7-93C9-70679B9B4D83}.Debug|Mixed Platforms.ActiveCfg = Debug|Any CPU
		{E8BEF8CE-68CB-4AB7-93C9-70679B9B4D83}.Debug|Mixed Platforms.Build.0 = Debug|Any CPU
		{E8BEF8CE-68CB-4AB7-93C9-70679B9B4D83}.Debug|x64.ActiveCfg = Debug|x64
		{E8BEF8CE-68CB-4AB7-93C9-70679B9B4D83}.Debug|x64.Build.0 = Debug|x64
		{E8BEF8CE-68CB-4AB7-93C9-70679B9B4D83}.Debug|x86.ActiveCfg = Debug|Any CPU
		{E8BEF8CE-68CB-4AB7-93C9-70679B9B4D83}.Debug|x86.Build.0 = Debug|Any CPU
		{E8BEF8CE-68CB-4AB7-93C9-70679B9B4D83}.Release|Any CPU.ActiveCfg = Release|Any CPU
		{E8BEF8CE-68CB-4AB7-93C9-70679B9B4D83}.Release|Any CPU.Build.0 = Release|Any CPU
		{E8BEF8CE-68CB-4AB7-93C9-70679B9B4D83}.Release|Mixed Platforms.ActiveCfg = Release|Any CPU
		{E8BEF8CE-68CB-4AB7-93C9-70679B9B4D83}.Release|Mixed Platforms.Build.0 = Release|Any CPU
		{E8BEF8CE-68CB-4AB7-93C9-70679B9B4D83}.Release|x64.ActiveCfg = Release|x64
		{E8BEF8CE-68CB-4AB7-93C9-70679B9B4D83}.Release|x64.Build.0 = Release|x64
		{E8BEF8CE-68CB-4AB7-93C9-70679B9B4D83}.Release|x86.ActiveCfg = Release|Any CPU
		{7A5C46F6-C947-4887-8E83-71A2B1D7B1AA}.Debug|Any CPU.ActiveCfg = Debug|Any CPU
		{7A5C46F6-C947-4887-8E83-71A2B1D7B1AA}.Debug|Any CPU.Build.0 = Debug|Any CPU
		{7A5C46F6-C947-4887-8E83-71A2B1D7B1AA}.Debug|Mixed Platforms.ActiveCfg = Debug|Any CPU
		{7A5C46F6-C947-4887-8E83-71A2B1D7B1AA}.Debug|Mixed Platforms.Build.0 = Debug|Any CPU
		{7A5C46F6-C947-4887-8E83-71A2B1D7B1AA}.Debug|x64.ActiveCfg = Debug|x64
		{7A5C46F6-C947-4887-8E83-71A2B1D7B1AA}.Debug|x64.Build.0 = Debug|x64
		{7A5C46F6-C947-4887-8E83-71A2B1D7B1AA}.Debug|x86.ActiveCfg = Debug|Any CPU
		{7A5C46F6-C947-4887-8E83-71A2B1D7B1AA}.Release|Any CPU.ActiveCfg = Release|Any CPU
		{7A5C46F6-C947-4887-8E83-71A2B1D7B1AA}.Release|Any CPU.Build.0 = Release|Any CPU
		{7A5C46F6-C947-4887-8E83-71A2B1D7B1AA}.Release|Mixed Platforms.ActiveCfg = Release|Any CPU
		{7A5C46F6-C947-4887-8E83-71A2B1D7B1AA}.Release|Mixed Platforms.Build.0 = Release|Any CPU
		{7A5C46F6-C947-4887-8E83-71A2B1D7B1AA}.Release|x64.ActiveCfg = Release|x64
		{7A5C46F6-C947-4887-8E83-71A2B1D7B1AA}.Release|x64.Build.0 = Release|x64
		{7A5C46F6-C947-4887-8E83-71A2B1D7B1AA}.Release|x86.ActiveCfg = Release|Any CPU
		{3E0504F1-B0CE-4115-BCFC-7F462B14E5A1}.Debug|Any CPU.ActiveCfg = Debug|Any CPU
		{3E0504F1-B0CE-4115-BCFC-7F462B14E5A1}.Debug|Any CPU.Build.0 = Debug|Any CPU
		{3E0504F1-B0CE-4115-BCFC-7F462B14E5A1}.Debug|Mixed Platforms.ActiveCfg = Debug|Any CPU
		{3E0504F1-B0CE-4115-BCFC-7F462B14E5A1}.Debug|Mixed Platforms.Build.0 = Debug|Any CPU
		{3E0504F1-B0CE-4115-BCFC-7F462B14E5A1}.Debug|x64.ActiveCfg = Debug|x64
		{3E0504F1-B0CE-4115-BCFC-7F462B14E5A1}.Debug|x64.Build.0 = Debug|x64
		{3E0504F1-B0CE-4115-BCFC-7F462B14E5A1}.Debug|x86.ActiveCfg = Debug|Any CPU
		{3E0504F1-B0CE-4115-BCFC-7F462B14E5A1}.Debug|x86.Build.0 = Debug|Any CPU
		{3E0504F1-B0CE-4115-BCFC-7F462B14E5A1}.Release|Any CPU.ActiveCfg = Release|Any CPU
		{3E0504F1-B0CE-4115-BCFC-7F462B14E5A1}.Release|Any CPU.Build.0 = Release|Any CPU
		{3E0504F1-B0CE-4115-BCFC-7F462B14E5A1}.Release|Mixed Platforms.ActiveCfg = Release|Any CPU
		{3E0504F1-B0CE-4115-BCFC-7F462B14E5A1}.Release|Mixed Platforms.Build.0 = Release|Any CPU
		{3E0504F1-B0CE-4115-BCFC-7F462B14E5A1}.Release|x64.ActiveCfg = Release|x64
		{3E0504F1-B0CE-4115-BCFC-7F462B14E5A1}.Release|x64.Build.0 = Release|x64
		{3E0504F1-B0CE-4115-BCFC-7F462B14E5A1}.Release|x86.ActiveCfg = Release|Any CPU
		{7C432D61-867C-4DD2-8B14-EE8AEFD0B3A4}.Debug|Any CPU.ActiveCfg = Debug|Any CPU
		{7C432D61-867C-4DD2-8B14-EE8AEFD0B3A4}.Debug|Any CPU.Build.0 = Debug|Any CPU
		{7C432D61-867C-4DD2-8B14-EE8AEFD0B3A4}.Debug|Mixed Platforms.ActiveCfg = Debug|Any CPU
		{7C432D61-867C-4DD2-8B14-EE8AEFD0B3A4}.Debug|Mixed Platforms.Build.0 = Debug|Any CPU
		{7C432D61-867C-4DD2-8B14-EE8AEFD0B3A4}.Debug|x64.ActiveCfg = Debug|x64
		{7C432D61-867C-4DD2-8B14-EE8AEFD0B3A4}.Debug|x64.Build.0 = Debug|x64
		{7C432D61-867C-4DD2-8B14-EE8AEFD0B3A4}.Debug|x86.ActiveCfg = Debug|Any CPU
		{7C432D61-867C-4DD2-8B14-EE8AEFD0B3A4}.Debug|x86.Build.0 = Debug|Any CPU
		{7C432D61-867C-4DD2-8B14-EE8AEFD0B3A4}.Release|Any CPU.ActiveCfg = Release|Any CPU
		{7C432D61-867C-4DD2-8B14-EE8AEFD0B3A4}.Release|Any CPU.Build.0 = Release|Any CPU
		{7C432D61-867C-4DD2-8B14-EE8AEFD0B3A4}.Release|Mixed Platforms.ActiveCfg = Release|Any CPU
		{7C432D61-867C-4DD2-8B14-EE8AEFD0B3A4}.Release|Mixed Platforms.Build.0 = Release|Any CPU
		{7C432D61-867C-4DD2-8B14-EE8AEFD0B3A4}.Release|x64.ActiveCfg = Release|x64
		{7C432D61-867C-4DD2-8B14-EE8AEFD0B3A4}.Release|x64.Build.0 = Release|x64
		{7C432D61-867C-4DD2-8B14-EE8AEFD0B3A4}.Release|x86.ActiveCfg = Release|Any CPU
		{1CACEEA5-D398-419D-B88B-D4CC4EA67EED}.Debug|Any CPU.ActiveCfg = Debug|Any CPU
		{1CACEEA5-D398-419D-B88B-D4CC4EA67EED}.Debug|Any CPU.Build.0 = Debug|Any CPU
		{1CACEEA5-D398-419D-B88B-D4CC4EA67EED}.Debug|Mixed Platforms.ActiveCfg = Debug|Any CPU
		{1CACEEA5-D398-419D-B88B-D4CC4EA67EED}.Debug|Mixed Platforms.Build.0 = Debug|Any CPU
		{1CACEEA5-D398-419D-B88B-D4CC4EA67EED}.Debug|x64.ActiveCfg = Debug|x64
		{1CACEEA5-D398-419D-B88B-D4CC4EA67EED}.Debug|x64.Build.0 = Debug|x64
		{1CACEEA5-D398-419D-B88B-D4CC4EA67EED}.Debug|x86.ActiveCfg = Debug|Any CPU
		{1CACEEA5-D398-419D-B88B-D4CC4EA67EED}.Debug|x86.Build.0 = Debug|Any CPU
		{1CACEEA5-D398-419D-B88B-D4CC4EA67EED}.Release|Any CPU.ActiveCfg = Release|Any CPU
		{1CACEEA5-D398-419D-B88B-D4CC4EA67EED}.Release|Any CPU.Build.0 = Release|Any CPU
		{1CACEEA5-D398-419D-B88B-D4CC4EA67EED}.Release|Mixed Platforms.ActiveCfg = Release|Any CPU
		{1CACEEA5-D398-419D-B88B-D4CC4EA67EED}.Release|Mixed Platforms.Build.0 = Release|Any CPU
		{1CACEEA5-D398-419D-B88B-D4CC4EA67EED}.Release|x64.ActiveCfg = Release|x64
		{1CACEEA5-D398-419D-B88B-D4CC4EA67EED}.Release|x64.Build.0 = Release|x64
		{1CACEEA5-D398-419D-B88B-D4CC4EA67EED}.Release|x86.ActiveCfg = Release|Any CPU
		{28960B9D-AA66-4DE9-B25A-1535A3792F8F}.Debug|Any CPU.ActiveCfg = Debug|Any CPU
		{28960B9D-AA66-4DE9-B25A-1535A3792F8F}.Debug|Any CPU.Build.0 = Debug|Any CPU
		{28960B9D-AA66-4DE9-B25A-1535A3792F8F}.Debug|Mixed Platforms.ActiveCfg = Debug|Any CPU
		{28960B9D-AA66-4DE9-B25A-1535A3792F8F}.Debug|Mixed Platforms.Build.0 = Debug|Any CPU
		{28960B9D-AA66-4DE9-B25A-1535A3792F8F}.Debug|x64.ActiveCfg = Debug|x64
		{28960B9D-AA66-4DE9-B25A-1535A3792F8F}.Debug|x64.Build.0 = Debug|x64
		{28960B9D-AA66-4DE9-B25A-1535A3792F8F}.Debug|x86.ActiveCfg = Debug|Any CPU
		{28960B9D-AA66-4DE9-B25A-1535A3792F8F}.Release|Any CPU.ActiveCfg = Release|Any CPU
		{28960B9D-AA66-4DE9-B25A-1535A3792F8F}.Release|Any CPU.Build.0 = Release|Any CPU
		{28960B9D-AA66-4DE9-B25A-1535A3792F8F}.Release|Mixed Platforms.ActiveCfg = Release|Any CPU
		{28960B9D-AA66-4DE9-B25A-1535A3792F8F}.Release|Mixed Platforms.Build.0 = Release|Any CPU
		{28960B9D-AA66-4DE9-B25A-1535A3792F8F}.Release|x64.ActiveCfg = Release|x64
		{28960B9D-AA66-4DE9-B25A-1535A3792F8F}.Release|x64.Build.0 = Release|x64
		{28960B9D-AA66-4DE9-B25A-1535A3792F8F}.Release|x86.ActiveCfg = Release|Any CPU
		{03C264A0-398B-4C78-83BA-EDEA6BA7F679}.Debug|Any CPU.ActiveCfg = Debug|Any CPU
		{03C264A0-398B-4C78-83BA-EDEA6BA7F679}.Debug|Any CPU.Build.0 = Debug|Any CPU
		{03C264A0-398B-4C78-83BA-EDEA6BA7F679}.Debug|Mixed Platforms.ActiveCfg = Debug|Any CPU
		{03C264A0-398B-4C78-83BA-EDEA6BA7F679}.Debug|Mixed Platforms.Build.0 = Debug|Any CPU
		{03C264A0-398B-4C78-83BA-EDEA6BA7F679}.Debug|x64.ActiveCfg = Debug|x64
		{03C264A0-398B-4C78-83BA-EDEA6BA7F679}.Debug|x64.Build.0 = Debug|x64
		{03C264A0-398B-4C78-83BA-EDEA6BA7F679}.Debug|x86.ActiveCfg = Debug|Any CPU
		{03C264A0-398B-4C78-83BA-EDEA6BA7F679}.Debug|x86.Build.0 = Debug|Any CPU
		{03C264A0-398B-4C78-83BA-EDEA6BA7F679}.Release|Any CPU.ActiveCfg = Release|Any CPU
		{03C264A0-398B-4C78-83BA-EDEA6BA7F679}.Release|Any CPU.Build.0 = Release|Any CPU
		{03C264A0-398B-4C78-83BA-EDEA6BA7F679}.Release|Mixed Platforms.ActiveCfg = Release|Any CPU
		{03C264A0-398B-4C78-83BA-EDEA6BA7F679}.Release|Mixed Platforms.Build.0 = Release|Any CPU
		{03C264A0-398B-4C78-83BA-EDEA6BA7F679}.Release|x64.ActiveCfg = Release|x64
		{03C264A0-398B-4C78-83BA-EDEA6BA7F679}.Release|x64.Build.0 = Release|x64
		{03C264A0-398B-4C78-83BA-EDEA6BA7F679}.Release|x86.ActiveCfg = Release|Any CPU
		{8F444B1C-2703-42CD-BA28-72F5EE03A334}.Debug|Any CPU.ActiveCfg = Debug|Any CPU
		{8F444B1C-2703-42CD-BA28-72F5EE03A334}.Debug|Any CPU.Build.0 = Debug|Any CPU
		{8F444B1C-2703-42CD-BA28-72F5EE03A334}.Debug|Mixed Platforms.ActiveCfg = Debug|Any CPU
		{8F444B1C-2703-42CD-BA28-72F5EE03A334}.Debug|Mixed Platforms.Build.0 = Debug|Any CPU
		{8F444B1C-2703-42CD-BA28-72F5EE03A334}.Debug|x64.ActiveCfg = Debug|x64
		{8F444B1C-2703-42CD-BA28-72F5EE03A334}.Debug|x64.Build.0 = Debug|x64
		{8F444B1C-2703-42CD-BA28-72F5EE03A334}.Debug|x86.ActiveCfg = Debug|Any CPU
		{8F444B1C-2703-42CD-BA28-72F5EE03A334}.Release|Any CPU.ActiveCfg = Release|Any CPU
		{8F444B1C-2703-42CD-BA28-72F5EE03A334}.Release|Any CPU.Build.0 = Release|Any CPU
		{8F444B1C-2703-42CD-BA28-72F5EE03A334}.Release|Mixed Platforms.ActiveCfg = Release|Any CPU
		{8F444B1C-2703-42CD-BA28-72F5EE03A334}.Release|Mixed Platforms.Build.0 = Release|Any CPU
		{8F444B1C-2703-42CD-BA28-72F5EE03A334}.Release|x64.ActiveCfg = Release|x64
		{8F444B1C-2703-42CD-BA28-72F5EE03A334}.Release|x64.Build.0 = Release|x64
		{8F444B1C-2703-42CD-BA28-72F5EE03A334}.Release|x86.ActiveCfg = Release|Any CPU
		{DA9183AB-D060-488F-89E9-DEC1F0177B1E}.Debug|Any CPU.ActiveCfg = Debug|Any CPU
		{DA9183AB-D060-488F-89E9-DEC1F0177B1E}.Debug|Any CPU.Build.0 = Debug|Any CPU
		{DA9183AB-D060-488F-89E9-DEC1F0177B1E}.Debug|Mixed Platforms.ActiveCfg = Debug|Any CPU
		{DA9183AB-D060-488F-89E9-DEC1F0177B1E}.Debug|Mixed Platforms.Build.0 = Debug|Any CPU
		{DA9183AB-D060-488F-89E9-DEC1F0177B1E}.Debug|x64.ActiveCfg = Debug|x64
		{DA9183AB-D060-488F-89E9-DEC1F0177B1E}.Debug|x64.Build.0 = Debug|x64
		{DA9183AB-D060-488F-89E9-DEC1F0177B1E}.Debug|x86.ActiveCfg = Debug|Any CPU
		{DA9183AB-D060-488F-89E9-DEC1F0177B1E}.Debug|x86.Build.0 = Debug|Any CPU
		{DA9183AB-D060-488F-89E9-DEC1F0177B1E}.Release|Any CPU.ActiveCfg = Release|Any CPU
		{DA9183AB-D060-488F-89E9-DEC1F0177B1E}.Release|Any CPU.Build.0 = Release|Any CPU
		{DA9183AB-D060-488F-89E9-DEC1F0177B1E}.Release|Mixed Platforms.ActiveCfg = Release|Any CPU
		{DA9183AB-D060-488F-89E9-DEC1F0177B1E}.Release|Mixed Platforms.Build.0 = Release|Any CPU
		{DA9183AB-D060-488F-89E9-DEC1F0177B1E}.Release|x64.ActiveCfg = Release|x64
		{DA9183AB-D060-488F-89E9-DEC1F0177B1E}.Release|x64.Build.0 = Release|x64
		{DA9183AB-D060-488F-89E9-DEC1F0177B1E}.Release|x86.ActiveCfg = Release|Any CPU
		{DA9183AB-D060-488F-89E9-DEC1F0177B1E}.Release|x86.Build.0 = Release|Any CPU
		{A24951C2-A403-48D8-A7EA-F166FEE20225}.Debug|Any CPU.ActiveCfg = Debug|Any CPU
		{A24951C2-A403-48D8-A7EA-F166FEE20225}.Debug|Any CPU.Build.0 = Debug|Any CPU
		{A24951C2-A403-48D8-A7EA-F166FEE20225}.Debug|Mixed Platforms.ActiveCfg = Debug|Any CPU
		{A24951C2-A403-48D8-A7EA-F166FEE20225}.Debug|Mixed Platforms.Build.0 = Debug|Any CPU
		{A24951C2-A403-48D8-A7EA-F166FEE20225}.Debug|x64.ActiveCfg = Debug|x64
		{A24951C2-A403-48D8-A7EA-F166FEE20225}.Debug|x64.Build.0 = Debug|x64
		{A24951C2-A403-48D8-A7EA-F166FEE20225}.Debug|x86.ActiveCfg = Debug|Any CPU
		{A24951C2-A403-48D8-A7EA-F166FEE20225}.Debug|x86.Build.0 = Debug|Any CPU
		{A24951C2-A403-48D8-A7EA-F166FEE20225}.Release|Any CPU.ActiveCfg = Release|Any CPU
		{A24951C2-A403-48D8-A7EA-F166FEE20225}.Release|Any CPU.Build.0 = Release|Any CPU
		{A24951C2-A403-48D8-A7EA-F166FEE20225}.Release|Mixed Platforms.ActiveCfg = Release|Any CPU
		{A24951C2-A403-48D8-A7EA-F166FEE20225}.Release|Mixed Platforms.Build.0 = Release|Any CPU
		{A24951C2-A403-48D8-A7EA-F166FEE20225}.Release|x64.ActiveCfg = Release|x64
		{A24951C2-A403-48D8-A7EA-F166FEE20225}.Release|x64.Build.0 = Release|x64
		{A24951C2-A403-48D8-A7EA-F166FEE20225}.Release|x86.ActiveCfg = Release|Any CPU
		{A24951C2-A403-48D8-A7EA-F166FEE20225}.Release|x86.Build.0 = Release|Any CPU
		{7A5D6123-27BC-4526-AA5A-5E9D8F92330D}.Debug|Any CPU.ActiveCfg = Debug|Any CPU
		{7A5D6123-27BC-4526-AA5A-5E9D8F92330D}.Debug|Any CPU.Build.0 = Debug|Any CPU
		{7A5D6123-27BC-4526-AA5A-5E9D8F92330D}.Debug|Mixed Platforms.ActiveCfg = Debug|Any CPU
		{7A5D6123-27BC-4526-AA5A-5E9D8F92330D}.Debug|Mixed Platforms.Build.0 = Debug|Any CPU
		{7A5D6123-27BC-4526-AA5A-5E9D8F92330D}.Debug|x64.ActiveCfg = Debug|Any CPU
		{7A5D6123-27BC-4526-AA5A-5E9D8F92330D}.Debug|x64.Build.0 = Debug|Any CPU
		{7A5D6123-27BC-4526-AA5A-5E9D8F92330D}.Debug|x86.ActiveCfg = Debug|Any CPU
		{7A5D6123-27BC-4526-AA5A-5E9D8F92330D}.Debug|x86.Build.0 = Debug|Any CPU
		{7A5D6123-27BC-4526-AA5A-5E9D8F92330D}.Release|Any CPU.ActiveCfg = Release|Any CPU
		{7A5D6123-27BC-4526-AA5A-5E9D8F92330D}.Release|Any CPU.Build.0 = Release|Any CPU
		{7A5D6123-27BC-4526-AA5A-5E9D8F92330D}.Release|Mixed Platforms.ActiveCfg = Release|Any CPU
		{7A5D6123-27BC-4526-AA5A-5E9D8F92330D}.Release|Mixed Platforms.Build.0 = Release|Any CPU
		{7A5D6123-27BC-4526-AA5A-5E9D8F92330D}.Release|x64.ActiveCfg = Release|Any CPU
		{7A5D6123-27BC-4526-AA5A-5E9D8F92330D}.Release|x64.Build.0 = Release|Any CPU
		{7A5D6123-27BC-4526-AA5A-5E9D8F92330D}.Release|x86.ActiveCfg = Release|Any CPU
		{7A5D6123-27BC-4526-AA5A-5E9D8F92330D}.Release|x86.Build.0 = Release|Any CPU
		{7C23C812-72EF-4C31-B65F-19B0D92111A4}.Debug|Any CPU.ActiveCfg = Debug|Any CPU
		{7C23C812-72EF-4C31-B65F-19B0D92111A4}.Debug|Any CPU.Build.0 = Debug|Any CPU
		{7C23C812-72EF-4C31-B65F-19B0D92111A4}.Debug|Mixed Platforms.ActiveCfg = Debug|Any CPU
		{7C23C812-72EF-4C31-B65F-19B0D92111A4}.Debug|Mixed Platforms.Build.0 = Debug|Any CPU
		{7C23C812-72EF-4C31-B65F-19B0D92111A4}.Debug|x64.ActiveCfg = Debug|Any CPU
		{7C23C812-72EF-4C31-B65F-19B0D92111A4}.Debug|x64.Build.0 = Debug|Any CPU
		{7C23C812-72EF-4C31-B65F-19B0D92111A4}.Debug|x86.ActiveCfg = Debug|Any CPU
		{7C23C812-72EF-4C31-B65F-19B0D92111A4}.Debug|x86.Build.0 = Debug|Any CPU
		{7C23C812-72EF-4C31-B65F-19B0D92111A4}.Release|Any CPU.ActiveCfg = Release|Any CPU
		{7C23C812-72EF-4C31-B65F-19B0D92111A4}.Release|Any CPU.Build.0 = Release|Any CPU
		{7C23C812-72EF-4C31-B65F-19B0D92111A4}.Release|Mixed Platforms.ActiveCfg = Release|Any CPU
		{7C23C812-72EF-4C31-B65F-19B0D92111A4}.Release|Mixed Platforms.Build.0 = Release|Any CPU
		{7C23C812-72EF-4C31-B65F-19B0D92111A4}.Release|x64.ActiveCfg = Release|Any CPU
		{7C23C812-72EF-4C31-B65F-19B0D92111A4}.Release|x64.Build.0 = Release|Any CPU
		{7C23C812-72EF-4C31-B65F-19B0D92111A4}.Release|x86.ActiveCfg = Release|Any CPU
		{7C23C812-72EF-4C31-B65F-19B0D92111A4}.Release|x86.Build.0 = Release|Any CPU
		{7D862014-4CE6-41AC-940C-49D7DE4C485D}.Debug|Any CPU.ActiveCfg = Debug|Any CPU
		{7D862014-4CE6-41AC-940C-49D7DE4C485D}.Debug|Any CPU.Build.0 = Debug|Any CPU
		{7D862014-4CE6-41AC-940C-49D7DE4C485D}.Debug|Mixed Platforms.ActiveCfg = Debug|Any CPU
		{7D862014-4CE6-41AC-940C-49D7DE4C485D}.Debug|Mixed Platforms.Build.0 = Debug|Any CPU
		{7D862014-4CE6-41AC-940C-49D7DE4C485D}.Debug|x64.ActiveCfg = Debug|Any CPU
		{7D862014-4CE6-41AC-940C-49D7DE4C485D}.Debug|x64.Build.0 = Debug|Any CPU
		{7D862014-4CE6-41AC-940C-49D7DE4C485D}.Debug|x86.ActiveCfg = Debug|Any CPU
		{7D862014-4CE6-41AC-940C-49D7DE4C485D}.Debug|x86.Build.0 = Debug|Any CPU
		{7D862014-4CE6-41AC-940C-49D7DE4C485D}.Release|Any CPU.ActiveCfg = Release|Any CPU
		{7D862014-4CE6-41AC-940C-49D7DE4C485D}.Release|Any CPU.Build.0 = Release|Any CPU
		{7D862014-4CE6-41AC-940C-49D7DE4C485D}.Release|Mixed Platforms.ActiveCfg = Release|Any CPU
		{7D862014-4CE6-41AC-940C-49D7DE4C485D}.Release|Mixed Platforms.Build.0 = Release|Any CPU
		{7D862014-4CE6-41AC-940C-49D7DE4C485D}.Release|x64.ActiveCfg = Release|Any CPU
		{7D862014-4CE6-41AC-940C-49D7DE4C485D}.Release|x64.Build.0 = Release|Any CPU
		{7D862014-4CE6-41AC-940C-49D7DE4C485D}.Release|x86.ActiveCfg = Release|Any CPU
		{7D862014-4CE6-41AC-940C-49D7DE4C485D}.Release|x86.Build.0 = Release|Any CPU
		{4241B0B7-E963-4A84-B2A0-376139D3F4B0}.Debug|Any CPU.ActiveCfg = Debug|Any CPU
		{4241B0B7-E963-4A84-B2A0-376139D3F4B0}.Debug|Any CPU.Build.0 = Debug|Any CPU
		{4241B0B7-E963-4A84-B2A0-376139D3F4B0}.Debug|Mixed Platforms.ActiveCfg = Debug|Any CPU
		{4241B0B7-E963-4A84-B2A0-376139D3F4B0}.Debug|Mixed Platforms.Build.0 = Debug|Any CPU
		{4241B0B7-E963-4A84-B2A0-376139D3F4B0}.Debug|x64.ActiveCfg = Debug|Any CPU
		{4241B0B7-E963-4A84-B2A0-376139D3F4B0}.Debug|x64.Build.0 = Debug|Any CPU
		{4241B0B7-E963-4A84-B2A0-376139D3F4B0}.Debug|x86.ActiveCfg = Debug|Any CPU
		{4241B0B7-E963-4A84-B2A0-376139D3F4B0}.Debug|x86.Build.0 = Debug|Any CPU
		{4241B0B7-E963-4A84-B2A0-376139D3F4B0}.Release|Any CPU.ActiveCfg = Release|Any CPU
		{4241B0B7-E963-4A84-B2A0-376139D3F4B0}.Release|Any CPU.Build.0 = Release|Any CPU
		{4241B0B7-E963-4A84-B2A0-376139D3F4B0}.Release|Mixed Platforms.ActiveCfg = Release|Any CPU
		{4241B0B7-E963-4A84-B2A0-376139D3F4B0}.Release|Mixed Platforms.Build.0 = Release|Any CPU
		{4241B0B7-E963-4A84-B2A0-376139D3F4B0}.Release|x64.ActiveCfg = Release|Any CPU
		{4241B0B7-E963-4A84-B2A0-376139D3F4B0}.Release|x64.Build.0 = Release|Any CPU
		{4241B0B7-E963-4A84-B2A0-376139D3F4B0}.Release|x86.ActiveCfg = Release|Any CPU
		{4241B0B7-E963-4A84-B2A0-376139D3F4B0}.Release|x86.Build.0 = Release|Any CPU
		{A9EF51F8-4F27-4F50-8EE3-33BC2F69DF12}.Debug|Any CPU.ActiveCfg = Debug|Any CPU
		{A9EF51F8-4F27-4F50-8EE3-33BC2F69DF12}.Debug|Any CPU.Build.0 = Debug|Any CPU
		{A9EF51F8-4F27-4F50-8EE3-33BC2F69DF12}.Debug|Mixed Platforms.ActiveCfg = Debug|Any CPU
		{A9EF51F8-4F27-4F50-8EE3-33BC2F69DF12}.Debug|Mixed Platforms.Build.0 = Debug|Any CPU
		{A9EF51F8-4F27-4F50-8EE3-33BC2F69DF12}.Debug|x64.ActiveCfg = Debug|x64
		{A9EF51F8-4F27-4F50-8EE3-33BC2F69DF12}.Debug|x64.Build.0 = Debug|x64
		{A9EF51F8-4F27-4F50-8EE3-33BC2F69DF12}.Debug|x86.ActiveCfg = Debug|Any CPU
		{A9EF51F8-4F27-4F50-8EE3-33BC2F69DF12}.Debug|x86.Build.0 = Debug|Any CPU
		{A9EF51F8-4F27-4F50-8EE3-33BC2F69DF12}.Release|Any CPU.ActiveCfg = Release|Any CPU
		{A9EF51F8-4F27-4F50-8EE3-33BC2F69DF12}.Release|Any CPU.Build.0 = Release|Any CPU
		{A9EF51F8-4F27-4F50-8EE3-33BC2F69DF12}.Release|Mixed Platforms.ActiveCfg = Release|Any CPU
		{A9EF51F8-4F27-4F50-8EE3-33BC2F69DF12}.Release|Mixed Platforms.Build.0 = Release|Any CPU
		{A9EF51F8-4F27-4F50-8EE3-33BC2F69DF12}.Release|x64.ActiveCfg = Release|x64
		{A9EF51F8-4F27-4F50-8EE3-33BC2F69DF12}.Release|x64.Build.0 = Release|x64
		{A9EF51F8-4F27-4F50-8EE3-33BC2F69DF12}.Release|x86.ActiveCfg = Release|Any CPU
		{A9EF51F8-4F27-4F50-8EE3-33BC2F69DF12}.Release|x86.Build.0 = Release|Any CPU
		{C464941A-5965-4D25-8C42-1968BB31383C}.Debug|Any CPU.ActiveCfg = Debug|Any CPU
		{C464941A-5965-4D25-8C42-1968BB31383C}.Debug|Any CPU.Build.0 = Debug|Any CPU
		{C464941A-5965-4D25-8C42-1968BB31383C}.Debug|Mixed Platforms.ActiveCfg = Debug|Any CPU
		{C464941A-5965-4D25-8C42-1968BB31383C}.Debug|Mixed Platforms.Build.0 = Debug|Any CPU
		{C464941A-5965-4D25-8C42-1968BB31383C}.Debug|x64.ActiveCfg = Debug|x64
		{C464941A-5965-4D25-8C42-1968BB31383C}.Debug|x64.Build.0 = Debug|x64
		{C464941A-5965-4D25-8C42-1968BB31383C}.Debug|x86.ActiveCfg = Debug|Any CPU
		{C464941A-5965-4D25-8C42-1968BB31383C}.Debug|x86.Build.0 = Debug|Any CPU
		{C464941A-5965-4D25-8C42-1968BB31383C}.Release|Any CPU.ActiveCfg = Release|Any CPU
		{C464941A-5965-4D25-8C42-1968BB31383C}.Release|Any CPU.Build.0 = Release|Any CPU
		{C464941A-5965-4D25-8C42-1968BB31383C}.Release|Mixed Platforms.ActiveCfg = Release|Any CPU
		{C464941A-5965-4D25-8C42-1968BB31383C}.Release|Mixed Platforms.Build.0 = Release|Any CPU
		{C464941A-5965-4D25-8C42-1968BB31383C}.Release|x64.ActiveCfg = Release|x64
		{C464941A-5965-4D25-8C42-1968BB31383C}.Release|x64.Build.0 = Release|x64
		{C464941A-5965-4D25-8C42-1968BB31383C}.Release|x86.ActiveCfg = Release|Any CPU
		{C464941A-5965-4D25-8C42-1968BB31383C}.Release|x86.Build.0 = Release|Any CPU
		{89E91585-C793-4D90-AB8C-FD295590665B}.Debug|Any CPU.ActiveCfg = Debug|Any CPU
		{89E91585-C793-4D90-AB8C-FD295590665B}.Debug|Any CPU.Build.0 = Debug|Any CPU
		{89E91585-C793-4D90-AB8C-FD295590665B}.Debug|Mixed Platforms.ActiveCfg = Debug|Any CPU
		{89E91585-C793-4D90-AB8C-FD295590665B}.Debug|Mixed Platforms.Build.0 = Debug|Any CPU
		{89E91585-C793-4D90-AB8C-FD295590665B}.Debug|x64.ActiveCfg = Debug|Any CPU
		{89E91585-C793-4D90-AB8C-FD295590665B}.Debug|x64.Build.0 = Debug|Any CPU
		{89E91585-C793-4D90-AB8C-FD295590665B}.Debug|x86.ActiveCfg = Debug|Any CPU
		{89E91585-C793-4D90-AB8C-FD295590665B}.Debug|x86.Build.0 = Debug|Any CPU
		{89E91585-C793-4D90-AB8C-FD295590665B}.Release|Any CPU.ActiveCfg = Release|Any CPU
		{89E91585-C793-4D90-AB8C-FD295590665B}.Release|Any CPU.Build.0 = Release|Any CPU
		{89E91585-C793-4D90-AB8C-FD295590665B}.Release|Mixed Platforms.ActiveCfg = Release|Any CPU
		{89E91585-C793-4D90-AB8C-FD295590665B}.Release|Mixed Platforms.Build.0 = Release|Any CPU
		{89E91585-C793-4D90-AB8C-FD295590665B}.Release|x64.ActiveCfg = Release|Any CPU
		{89E91585-C793-4D90-AB8C-FD295590665B}.Release|x64.Build.0 = Release|Any CPU
		{89E91585-C793-4D90-AB8C-FD295590665B}.Release|x86.ActiveCfg = Release|Any CPU
		{89E91585-C793-4D90-AB8C-FD295590665B}.Release|x86.Build.0 = Release|Any CPU
		{69149D51-A4DE-4F32-B8BF-AC96194F98D8}.Debug|Any CPU.ActiveCfg = Debug|Any CPU
		{69149D51-A4DE-4F32-B8BF-AC96194F98D8}.Debug|Any CPU.Build.0 = Debug|Any CPU
		{69149D51-A4DE-4F32-B8BF-AC96194F98D8}.Debug|Mixed Platforms.ActiveCfg = Debug|Any CPU
		{69149D51-A4DE-4F32-B8BF-AC96194F98D8}.Debug|Mixed Platforms.Build.0 = Debug|Any CPU
		{69149D51-A4DE-4F32-B8BF-AC96194F98D8}.Debug|x64.ActiveCfg = Debug|Any CPU
		{69149D51-A4DE-4F32-B8BF-AC96194F98D8}.Debug|x64.Build.0 = Debug|Any CPU
		{69149D51-A4DE-4F32-B8BF-AC96194F98D8}.Debug|x86.ActiveCfg = Debug|Any CPU
		{69149D51-A4DE-4F32-B8BF-AC96194F98D8}.Debug|x86.Build.0 = Debug|Any CPU
		{69149D51-A4DE-4F32-B8BF-AC96194F98D8}.Release|Any CPU.ActiveCfg = Release|Any CPU
		{69149D51-A4DE-4F32-B8BF-AC96194F98D8}.Release|Any CPU.Build.0 = Release|Any CPU
		{69149D51-A4DE-4F32-B8BF-AC96194F98D8}.Release|Mixed Platforms.ActiveCfg = Release|Any CPU
		{69149D51-A4DE-4F32-B8BF-AC96194F98D8}.Release|Mixed Platforms.Build.0 = Release|Any CPU
		{69149D51-A4DE-4F32-B8BF-AC96194F98D8}.Release|x64.ActiveCfg = Release|Any CPU
		{69149D51-A4DE-4F32-B8BF-AC96194F98D8}.Release|x64.Build.0 = Release|Any CPU
		{69149D51-A4DE-4F32-B8BF-AC96194F98D8}.Release|x86.ActiveCfg = Release|Any CPU
		{69149D51-A4DE-4F32-B8BF-AC96194F98D8}.Release|x86.Build.0 = Release|Any CPU
		{F541DA64-5C66-45FE-822C-CF93964A3F52}.Debug|Any CPU.ActiveCfg = Debug|Any CPU
		{F541DA64-5C66-45FE-822C-CF93964A3F52}.Debug|Any CPU.Build.0 = Debug|Any CPU
		{F541DA64-5C66-45FE-822C-CF93964A3F52}.Debug|Mixed Platforms.ActiveCfg = Debug|Any CPU
		{F541DA64-5C66-45FE-822C-CF93964A3F52}.Debug|Mixed Platforms.Build.0 = Debug|Any CPU
		{F541DA64-5C66-45FE-822C-CF93964A3F52}.Debug|x64.ActiveCfg = Debug|x64
		{F541DA64-5C66-45FE-822C-CF93964A3F52}.Debug|x64.Build.0 = Debug|x64
		{F541DA64-5C66-45FE-822C-CF93964A3F52}.Debug|x86.ActiveCfg = Debug|Any CPU
		{F541DA64-5C66-45FE-822C-CF93964A3F52}.Debug|x86.Build.0 = Debug|Any CPU
		{F541DA64-5C66-45FE-822C-CF93964A3F52}.Release|Any CPU.ActiveCfg = Release|Any CPU
		{F541DA64-5C66-45FE-822C-CF93964A3F52}.Release|Any CPU.Build.0 = Release|Any CPU
		{F541DA64-5C66-45FE-822C-CF93964A3F52}.Release|Mixed Platforms.ActiveCfg = Release|Any CPU
		{F541DA64-5C66-45FE-822C-CF93964A3F52}.Release|Mixed Platforms.Build.0 = Release|Any CPU
		{F541DA64-5C66-45FE-822C-CF93964A3F52}.Release|x64.ActiveCfg = Release|x64
		{F541DA64-5C66-45FE-822C-CF93964A3F52}.Release|x64.Build.0 = Release|x64
		{F541DA64-5C66-45FE-822C-CF93964A3F52}.Release|x86.ActiveCfg = Release|Any CPU
		{F541DA64-5C66-45FE-822C-CF93964A3F52}.Release|x86.Build.0 = Release|Any CPU
		{28BED1F3-D9FD-476C-AFF9-6A8AB666D245}.Debug|Any CPU.ActiveCfg = Debug|Any CPU
		{28BED1F3-D9FD-476C-AFF9-6A8AB666D245}.Debug|Any CPU.Build.0 = Debug|Any CPU
		{28BED1F3-D9FD-476C-AFF9-6A8AB666D245}.Debug|Mixed Platforms.ActiveCfg = Debug|Any CPU
		{28BED1F3-D9FD-476C-AFF9-6A8AB666D245}.Debug|Mixed Platforms.Build.0 = Debug|Any CPU
		{28BED1F3-D9FD-476C-AFF9-6A8AB666D245}.Debug|x64.ActiveCfg = Debug|x64
		{28BED1F3-D9FD-476C-AFF9-6A8AB666D245}.Debug|x64.Build.0 = Debug|x64
		{28BED1F3-D9FD-476C-AFF9-6A8AB666D245}.Debug|x86.ActiveCfg = Debug|Any CPU
		{28BED1F3-D9FD-476C-AFF9-6A8AB666D245}.Debug|x86.Build.0 = Debug|Any CPU
		{28BED1F3-D9FD-476C-AFF9-6A8AB666D245}.Release|Any CPU.ActiveCfg = Release|Any CPU
		{28BED1F3-D9FD-476C-AFF9-6A8AB666D245}.Release|Any CPU.Build.0 = Release|Any CPU
		{28BED1F3-D9FD-476C-AFF9-6A8AB666D245}.Release|Mixed Platforms.ActiveCfg = Release|Any CPU
		{28BED1F3-D9FD-476C-AFF9-6A8AB666D245}.Release|Mixed Platforms.Build.0 = Release|Any CPU
		{28BED1F3-D9FD-476C-AFF9-6A8AB666D245}.Release|x64.ActiveCfg = Release|x64
		{28BED1F3-D9FD-476C-AFF9-6A8AB666D245}.Release|x64.Build.0 = Release|x64
		{28BED1F3-D9FD-476C-AFF9-6A8AB666D245}.Release|x86.ActiveCfg = Release|Any CPU
		{28BED1F3-D9FD-476C-AFF9-6A8AB666D245}.Release|x86.Build.0 = Release|Any CPU
	EndGlobalSection
	GlobalSection(SolutionProperties) = preSolution
		HideSolutionNode = FALSE
	EndGlobalSection
	GlobalSection(ExtensibilityGlobals) = postSolution
		SolutionGuid = {1FD47C6E-4058-4BA3-9E65-CC1E98175E07}
	EndGlobalSection
EndGlobal
